
Microsoft Visual Studio Solution File, Format Version 11.00
# Visual Studio 2010
Project("{54435603-DBB4-11D2-8724-00A0C9A8B90C}") = "PdfMergerInstaller", "PdfMergerInstaller.vdproj", "{55EC661B-7D73-4691-A410-0340A10A8C18}"
EndProject
Global
	GlobalSection(SolutionConfigurationPlatforms) = preSolution
		Debug|Default = Debug|Default
		Release|Default = Release|Default
	EndGlobalSection
	GlobalSection(ProjectConfigurationPlatforms) = postSolution
		{55EC661B-7D73-4691-A410-0340A10A8C18}.Debug|Default.ActiveCfg = Debug
		{55EC661B-7D73-4691-A410-0340A10A8C18}.Debug|Default.Build.0 = Debug
		{55EC661B-7D73-4691-A410-0340A10A8C18}.Release|Default.ActiveCfg = Release
		{55EC661B-7D73-4691-A410-0340A10A8C18}.Release|Default.Build.0 = Release
	EndGlobalSection
	GlobalSection(SolutionProperties) = preSolution
		HideSolutionNode = FALSE
	EndGlobalSection
EndGlobal
