<?xml version="1.0" encoding="utf-8"?>
<Project ToolsVersion="4.0" xmlns="http://schemas.microsoft.com/developer/msbuild/2003">
  <ItemGroup>
    <Filter Include="include">
      <UniqueIdentifier>{93995380-89BD-4b04-88EB-625FBE52EBFB}</UniqueIdentifier>
      <Extensions>h;hpp;hxx;hm;inl;inc;xsd</Extensions>
    </Filter>
    <Filter Include="src">
      <UniqueIdentifier>{4FC737F1-C7A5-4376-A066-2A32D752A2FF}</UniqueIdentifier>
      <Extensions>cpp;c;cc;cxx;def;odl;idl;hpj;bat;asm;asmx</Extensions>
    </Filter>
    <Filter Include="extlib">
      <UniqueIdentifier>{79ec8fab-a6fb-4287-bb64-3938202af7e0}</UniqueIdentifier>
    </Filter>
    <Filter Include="extlib\zlib">
      <UniqueIdentifier>{bc646dc1-383f-481b-99b4-32aaeb1a08c2}</UniqueIdentifier>
    </Filter>
    <Filter Include="extlib\freetype">
      <UniqueIdentifier>{0c7d02a1-2d2a-4a5d-9b81-0ed865ed728f}</UniqueIdentifier>
    </Filter>
    <Filter Include="extlib\freetype\base">
      <UniqueIdentifier>{22dc9da8-b8f8-423d-8368-61feda4b8924}</UniqueIdentifier>
    </Filter>
    <Filter Include="include\hash">
      <UniqueIdentifier>{0c3f96fa-18e0-491f-b8c1-6c5bd04951a3}</UniqueIdentifier>
    </Filter>
    <Filter Include="include\crypt">
      <UniqueIdentifier>{7f7ec09d-96e2-43d5-b209-2dc6b3a28763}</UniqueIdentifier>
    </Filter>
    <Filter Include="include\pdf">
      <UniqueIdentifier>{b8490f1c-7584-4064-97ed-7d7b1c842b90}</UniqueIdentifier>
    </Filter>
    <Filter Include="include\wdm">
      <UniqueIdentifier>{686c123a-3843-434c-9f73-9e40841c4d0e}</UniqueIdentifier>
    </Filter>
    <Filter Include="src\crypt">
      <UniqueIdentifier>{9b7e57c2-050b-41e8-b009-1fce0b0be2a0}</UniqueIdentifier>
    </Filter>
    <Filter Include="src\hash">
      <UniqueIdentifier>{6325159a-b37c-4391-998a-45cba8b4b075}</UniqueIdentifier>
    </Filter>
    <Filter Include="src\pdf">
      <UniqueIdentifier>{891c0d2f-38ca-4310-b516-e1f34536cb59}</UniqueIdentifier>
    </Filter>
    <Filter Include="src\wdm">
      <UniqueIdentifier>{eacbe4b1-f01d-4c6b-b32f-034d028ffed0}</UniqueIdentifier>
    </Filter>
    <Filter Include="extlib\openjpeg">
      <UniqueIdentifier>{8832000c-3814-4e1d-9faf-96876f08bad6}</UniqueIdentifier>
    </Filter>
    <Filter Include="extlib\jbig2dec">
      <UniqueIdentifier>{05ce4483-1181-46ad-9c8a-0a1d6ee7b588}</UniqueIdentifier>
    </Filter>
    <Filter Include="extlib\libjpeg">
      <UniqueIdentifier>{494636f7-b6a6-4850-9993-dd0daa6d40c0}</UniqueIdentifier>
    </Filter>
  </ItemGroup>
  <ItemGroup>
    <ClInclude Include="..\..\include\che_base.h">
      <Filter>include</Filter>
    </ClInclude>
    <ClInclude Include="..\..\include\che_bitmap.h">
      <Filter>include</Filter>
    </ClInclude>
    <ClInclude Include="..\..\include\che_datastructure.h">
      <Filter>include</Filter>
    </ClInclude>
    <ClInclude Include="..\..\include\che_define.h">
      <Filter>include</Filter>
    </ClInclude>
    <ClInclude Include="..\..\include\che_graphics.h">
      <Filter>include</Filter>
    </ClInclude>
    <ClInclude Include="..\..\include\che_string.h">
      <Filter>include</Filter>
    </ClInclude>
    <ClInclude Include="..\..\include\pdf\che_pdf_collector.h">
      <Filter>include\pdf</Filter>
    </ClInclude>
    <ClInclude Include="..\..\include\pdf\che_pdf_contentobjs.h">
      <Filter>include\pdf</Filter>
    </ClInclude>
    <ClInclude Include="..\..\include\pdf\che_pdf_contents.h">
      <Filter>include\pdf</Filter>
    </ClInclude>
    <ClInclude Include="..\..\include\pdf\che_pdf_creator.h">
      <Filter>include\pdf</Filter>
    </ClInclude>
    <ClInclude Include="..\..\include\pdf\che_pdf_encrypt.h">
      <Filter>include\pdf</Filter>
    </ClInclude>
    <ClInclude Include="..\..\include\pdf\che_pdf_filter.h">
      <Filter>include\pdf</Filter>
    </ClInclude>
    <ClInclude Include="..\..\include\pdf\che_pdf_font.h">
      <Filter>include\pdf</Filter>
    </ClInclude>
    <ClInclude Include="..\..\include\pdf\che_pdf_objclone.h">
      <Filter>include\pdf</Filter>
    </ClInclude>
    <ClInclude Include="..\..\include\pdf\che_pdf_objects.h">
      <Filter>include\pdf</Filter>
    </ClInclude>
    <ClInclude Include="..\..\include\pdf\che_pdf_pages.h">
      <Filter>include\pdf</Filter>
    </ClInclude>
    <ClInclude Include="..\..\include\pdf\che_pdf_parser.h">
      <Filter>include\pdf</Filter>
    </ClInclude>
    <ClInclude Include="..\..\include\pdf\che_pdf_xref.h">
      <Filter>include\pdf</Filter>
    </ClInclude>
    <ClInclude Include="..\..\include\pdf\che_pdf_cmap.h">
      <Filter>include\pdf</Filter>
    </ClInclude>
    <ClInclude Include="..\..\include\pdf\che_pdf_cmap_res.h">
      <Filter>include\pdf</Filter>
    </ClInclude>
    <ClInclude Include="..\..\include\pdf\che_pdf_fontmgr.h">
      <Filter>include\pdf</Filter>
    </ClInclude>
    <ClInclude Include="..\..\include\pdf\che_pdf_contentbuilder.h">
      <Filter>include\pdf</Filter>
    </ClInclude>
    <ClInclude Include="..\..\include\pdf\che_pdf_contentresmgr.h">
      <Filter>include\pdf</Filter>
    </ClInclude>
    <ClInclude Include="..\..\include\pdf\che_pdf_file.h">
      <Filter>include\pdf</Filter>
    </ClInclude>
    <ClInclude Include="..\..\include\pdf\che_pdf_document.h">
      <Filter>include\pdf</Filter>
    </ClInclude>
    <ClInclude Include="..\..\include\pdf\che_pdf_colorspace.h">
      <Filter>include\pdf</Filter>
    </ClInclude>
    <ClInclude Include="..\..\include\pdf\che_pdf_image.h">
      <Filter>include\pdf</Filter>
    </ClInclude>
    <ClInclude Include="..\..\include\wdm\che_wdm.h">
      <Filter>include\wdm</Filter>
    </ClInclude>
    <ClInclude Include="..\..\include\wdm\che_wdm_textbox.h">
      <Filter>include\wdm</Filter>
    </ClInclude>
    <ClInclude Include="..\..\include\pdf\che_pdf_contentstring.h">
      <Filter>include\pdf</Filter>
    </ClInclude>
    <ClInclude Include="..\..\include\pdf\che_pdf_objectstring.h">
      <Filter>include\pdf</Filter>
    </ClInclude>
    <ClInclude Include="..\..\include\pdf\che_pdf_destination.h">
      <Filter>include\pdf</Filter>
    </ClInclude>
    <ClInclude Include="..\..\include\pdf\che_pdf_outline.h">
      <Filter>include\pdf</Filter>
    </ClInclude>
    <ClInclude Include="..\..\include\hash\che_hash_md5.h">
      <Filter>include\hash</Filter>
    </ClInclude>
    <ClInclude Include="..\..\include\crypt\che_crypt_aes.h">
      <Filter>include\crypt</Filter>
    </ClInclude>
    <ClInclude Include="..\..\include\crypt\che_crypt_rc4.h">
      <Filter>include\crypt</Filter>
    </ClInclude>
    <ClInclude Include="..\..\include\che_drawer_windows.h">
      <Filter>include</Filter>
    </ClInclude>
    <ClInclude Include="..\..\include\pdf\che_pdf_renderer_windows.h">
      <Filter>include\pdf</Filter>
    </ClInclude>
    <ClInclude Include="..\..\include\pdf\che_pdf_function.h">
      <Filter>include\pdf</Filter>
    </ClInclude>
    <ClInclude Include="..\..\include\pdf\che_pdf_gstate.h">
      <Filter>include\pdf</Filter>
    </ClInclude>
  </ItemGroup>
  <ItemGroup>
    <ClCompile Include="..\..\src\che_base.cpp">
      <Filter>src</Filter>
    </ClCompile>
    <ClCompile Include="..\..\src\che_bitmap.cpp">
      <Filter>src</Filter>
    </ClCompile>
    <ClCompile Include="..\..\src\che_datastructure.cpp">
      <Filter>src</Filter>
    </ClCompile>
    <ClCompile Include="..\..\src\che_graphics.cpp">
      <Filter>src</Filter>
    </ClCompile>
    <ClCompile Include="..\..\src\che_string.cpp">
      <Filter>src</Filter>
    </ClCompile>
    <ClCompile Include="..\..\src\pdf\che_pdf_collector.cpp">
      <Filter>src\pdf</Filter>
    </ClCompile>
    <ClCompile Include="..\..\src\pdf\che_pdf_creator.cpp">
      <Filter>src\pdf</Filter>
    </ClCompile>
    <ClCompile Include="..\..\src\pdf\che_pdf_encrypt.cpp">
      <Filter>src\pdf</Filter>
    </ClCompile>
    <ClCompile Include="..\..\src\pdf\che_pdf_filter.cpp">
      <Filter>src\pdf</Filter>
    </ClCompile>
    <ClCompile Include="..\..\src\pdf\che_pdf_objects.cpp">
      <Filter>src\pdf</Filter>
    </ClCompile>
    <ClCompile Include="..\..\src\pdf\che_pdf_pages.cpp">
      <Filter>src\pdf</Filter>
    </ClCompile>
    <ClCompile Include="..\..\src\pdf\che_pdf_parser.cpp">
      <Filter>src\pdf</Filter>
    </ClCompile>
    <ClCompile Include="..\..\src\pdf\che_pdf_xref.cpp">
      <Filter>src\pdf</Filter>
    </ClCompile>
    <ClCompile Include="..\..\src\pdf\che_pdf_cmap.cpp">
      <Filter>src\pdf</Filter>
    </ClCompile>
    <ClCompile Include="..\..\src\pdf\che_pdf_file.cpp">
      <Filter>src\pdf</Filter>
    </ClCompile>
    <ClCompile Include="..\..\src\pdf\che_pdf_colorspace.cpp">
      <Filter>src\pdf</Filter>
    </ClCompile>
    <ClCompile Include="..\..\src\pdf\che_pdf_contentbuilder.cpp">
      <Filter>src\pdf</Filter>
    </ClCompile>
    <ClCompile Include="..\..\src\pdf\che_pdf_contentobjs.cpp">
      <Filter>src\pdf</Filter>
    </ClCompile>
    <ClCompile Include="..\..\src\pdf\che_pdf_contentresmgr.cpp">
      <Filter>src\pdf</Filter>
    </ClCompile>
    <ClCompile Include="..\..\src\pdf\che_pdf_contents.cpp">
      <Filter>src\pdf</Filter>
    </ClCompile>
    <ClCompile Include="..\..\src\pdf\che_pdf_document.cpp">
      <Filter>src\pdf</Filter>
    </ClCompile>
    <ClCompile Include="..\..\src\pdf\che_pdf_font.cpp">
      <Filter>src\pdf</Filter>
    </ClCompile>
    <ClCompile Include="..\..\src\pdf\che_pdf_fontmgr.cpp">
      <Filter>src\pdf</Filter>
    </ClCompile>
    <ClCompile Include="..\..\src\pdf\che_pdf_objclone.cpp">
      <Filter>src\pdf</Filter>
    </ClCompile>
    <ClCompile Include="..\..\src\pdf\che_pdf_image.cpp">
      <Filter>src\pdf</Filter>
    </ClCompile>
    <ClCompile Include="..\..\src\wdm\che_wdm.cpp">
      <Filter>src\wdm</Filter>
    </ClCompile>
    <ClCompile Include="..\..\src\wdm\che_wdm_textbox.cpp">
      <Filter>src\wdm</Filter>
    </ClCompile>
    <ClCompile Include="..\..\src\pdf\che_pdf_contentstring.cpp">
      <Filter>src\pdf</Filter>
    </ClCompile>
    <ClCompile Include="..\..\src\pdf\che_pdf_objectstring.cpp">
      <Filter>src\pdf</Filter>
    </ClCompile>
    <ClCompile Include="..\..\src\pdf\che_pdf_destination.cpp">
      <Filter>src\pdf</Filter>
    </ClCompile>
    <ClCompile Include="..\..\src\pdf\che_pdf_outline.cpp">
      <Filter>src\pdf</Filter>
    </ClCompile>
    <ClCompile Include="..\..\src\hash\che_hash_md5.cpp">
      <Filter>src\hash</Filter>
    </ClCompile>
    <ClCompile Include="..\..\src\crypt\che_crypt_aes.cpp">
      <Filter>src\crypt</Filter>
    </ClCompile>
    <ClCompile Include="..\..\src\crypt\che_crypt_rc4.cpp">
      <Filter>src\crypt</Filter>
    </ClCompile>
    <ClCompile Include="..\..\src\pdf\platform\windows\che_platform_font.cpp">
      <Filter>src\pdf</Filter>
    </ClCompile>
    <ClCompile Include="..\..\src\pdf\che_pdf_font_type1base14.cpp">
      <Filter>src\pdf</Filter>
    </ClCompile>
    <ClCompile Include="..\..\extlib\zlib\zutil.c">
      <Filter>extlib\zlib</Filter>
    </ClCompile>
    <ClCompile Include="..\..\extlib\zlib\adler32.c">
      <Filter>extlib\zlib</Filter>
    </ClCompile>
    <ClCompile Include="..\..\extlib\zlib\compress.c">
      <Filter>extlib\zlib</Filter>
    </ClCompile>
    <ClCompile Include="..\..\extlib\zlib\crc32.c">
      <Filter>extlib\zlib</Filter>
    </ClCompile>
    <ClCompile Include="..\..\extlib\zlib\deflate.c">
      <Filter>extlib\zlib</Filter>
    </ClCompile>
    <ClCompile Include="..\..\extlib\zlib\inffast.c">
      <Filter>extlib\zlib</Filter>
    </ClCompile>
    <ClCompile Include="..\..\extlib\zlib\inflate.c">
      <Filter>extlib\zlib</Filter>
    </ClCompile>
    <ClCompile Include="..\..\extlib\zlib\inftrees.c">
      <Filter>extlib\zlib</Filter>
    </ClCompile>
    <ClCompile Include="..\..\extlib\zlib\trees.c">
      <Filter>extlib\zlib</Filter>
    </ClCompile>
    <ClCompile Include="..\..\extlib\zlib\uncompr.c">
      <Filter>extlib\zlib</Filter>
    </ClCompile>
    <ClCompile Include="..\..\extlib\freetype\src\base\ftsystem.c">
      <Filter>extlib\freetype\base</Filter>
    </ClCompile>
    <ClCompile Include="..\..\extlib\freetype\src\base\fttype1.c">
      <Filter>extlib\freetype\base</Filter>
    </ClCompile>
    <ClCompile Include="..\..\extlib\freetype\src\base\ftxf86.c">
      <Filter>extlib\freetype\base</Filter>
    </ClCompile>
    <ClCompile Include="..\..\extlib\freetype\src\base\ftbase.c">
      <Filter>extlib\freetype\base</Filter>
    </ClCompile>
    <ClCompile Include="..\..\extlib\freetype\src\base\ftbbox.c">
      <Filter>extlib\freetype\base</Filter>
    </ClCompile>
    <ClCompile Include="..\..\extlib\freetype\src\base\ftbitmap.c">
      <Filter>extlib\freetype\base</Filter>
    </ClCompile>
    <ClCompile Include="..\..\extlib\freetype\src\base\ftgasp.c">
      <Filter>extlib\freetype\base</Filter>
    </ClCompile>
    <ClCompile Include="..\..\extlib\freetype\src\base\ftglyph.c">
      <Filter>extlib\freetype\base</Filter>
    </ClCompile>
    <ClCompile Include="..\..\extlib\freetype\src\base\ftinit.c">
      <Filter>extlib\freetype\base</Filter>
    </ClCompile>
    <ClCompile Include="..\..\extlib\freetype\src\base\ftstroke.c">
      <Filter>extlib\freetype\base</Filter>
    </ClCompile>
    <ClCompile Include="..\..\extlib\freetype\src\base\ftsynth.c">
      <Filter>extlib\freetype\base</Filter>
    </ClCompile>
    <ClCompile Include="..\..\extlib\freetype\src\cff\cff.c">
      <Filter>extlib\freetype</Filter>
    </ClCompile>
    <ClCompile Include="..\..\extlib\freetype\src\psaux\psaux.c">
      <Filter>extlib\freetype</Filter>
    </ClCompile>
    <ClCompile Include="..\..\extlib\freetype\src\pshinter\pshinter.c">
      <Filter>extlib\freetype</Filter>
    </ClCompile>
    <ClCompile Include="..\..\extlib\freetype\src\psnames\psnames.c">
      <Filter>extlib\freetype</Filter>
    </ClCompile>
    <ClCompile Include="..\..\extlib\freetype\src\raster\raster.c">
      <Filter>extlib\freetype</Filter>
    </ClCompile>
    <ClCompile Include="..\..\extlib\freetype\src\sfnt\sfnt.c">
      <Filter>extlib\freetype</Filter>
    </ClCompile>
    <ClCompile Include="..\..\extlib\freetype\src\smooth\smooth.c">
      <Filter>extlib\freetype</Filter>
    </ClCompile>
    <ClCompile Include="..\..\extlib\freetype\src\truetype\truetype.c">
      <Filter>extlib\freetype</Filter>
    </ClCompile>
    <ClCompile Include="..\..\extlib\freetype\src\type1\type1.c">
      <Filter>extlib\freetype</Filter>
    </ClCompile>
    <ClCompile Include="..\..\extlib\freetype\src\cid\type1cid.c">
      <Filter>extlib\freetype</Filter>
    </ClCompile>
    <ClCompile Include="..\..\extlib\freetype\src\winfonts\winfnt.c">
      <Filter>extlib\freetype</Filter>
    </ClCompile>
    <ClCompile Include="..\..\extlib\freetype\src\type42\type42.c">
      <Filter>extlib\freetype</Filter>
    </ClCompile>
    <ClCompile Include="..\..\extlib\freetype\src\autofit\autofit.c">
      <Filter>extlib\freetype</Filter>
    </ClCompile>
    <ClCompile Include="..\..\extlib\freetype\src\pfr\pfr.c">
      <Filter>extlib\freetype</Filter>
    </ClCompile>
    <ClCompile Include="..\..\extlib\freetype\src\pcf\pcf.c">
      <Filter>extlib\freetype</Filter>
    </ClCompile>
    <ClCompile Include="..\..\extlib\freetype\src\bdf\bdf.c">
      <Filter>extlib\freetype</Filter>
    </ClCompile>
    <ClCompile Include="..\..\extlib\freetype\src\bzip2\ftbzip2.c">
      <Filter>extlib\freetype</Filter>
    </ClCompile>
    <ClCompile Include="..\..\extlib\freetype\src\lzw\ftlzw.c">
      <Filter>extlib\freetype</Filter>
    </ClCompile>
    <ClCompile Include="..\..\extlib\freetype\src\gzip\ftgzip.c">
      <Filter>extlib\freetype</Filter>
    </ClCompile>
    <ClCompile Include="..\..\src\che_drawer_windows.cpp">
      <Filter>src</Filter>
    </ClCompile>
    <ClCompile Include="..\..\src\pdf\che_pdf_renderer_windows.cpp">
      <Filter>src\pdf</Filter>
    </ClCompile>
    <ClCompile Include="..\..\src\pdf\che_pdf_function.cpp">
      <Filter>src\pdf</Filter>
    </ClCompile>
    <ClCompile Include="..\..\src\pdf\che_pdf_gstate.cpp">
      <Filter>src\pdf</Filter>
    </ClCompile>
    <ClCompile Include="..\..\extlib\openjpeg\bio.c">
      <Filter>extlib\openjpeg</Filter>
    </ClCompile>
    <ClCompile Include="..\..\extlib\openjpeg\cidx_manager.c">
      <Filter>extlib\openjpeg</Filter>
    </ClCompile>
    <ClCompile Include="..\..\extlib\openjpeg\cio.c">
      <Filter>extlib\openjpeg</Filter>
    </ClCompile>
    <ClCompile Include="..\..\extlib\openjpeg\dwt.c">
      <Filter>extlib\openjpeg</Filter>
    </ClCompile>
    <ClCompile Include="..\..\extlib\openjpeg\event.c">
      <Filter>extlib\openjpeg</Filter>
    </ClCompile>
    <ClCompile Include="..\..\extlib\openjpeg\image.c">
      <Filter>extlib\openjpeg</Filter>
    </ClCompile>
    <ClCompile Include="..\..\extlib\openjpeg\j2k.c">
      <Filter>extlib\openjpeg</Filter>
    </ClCompile>
    <ClCompile Include="..\..\extlib\openjpeg\j2k_lib.c">
      <Filter>extlib\openjpeg</Filter>
    </ClCompile>
    <ClCompile Include="..\..\extlib\openjpeg\jp2.c">
      <Filter>extlib\openjpeg</Filter>
    </ClCompile>
    <ClCompile Include="..\..\extlib\openjpeg\jpt.c">
      <Filter>extlib\openjpeg</Filter>
    </ClCompile>
    <ClCompile Include="..\..\extlib\openjpeg\mct.c">
      <Filter>extlib\openjpeg</Filter>
    </ClCompile>
    <ClCompile Include="..\..\extlib\openjpeg\mqc.c">
      <Filter>extlib\openjpeg</Filter>
    </ClCompile>
    <ClCompile Include="..\..\extlib\openjpeg\phix_manager.c">
      <Filter>extlib\openjpeg</Filter>
    </ClCompile>
    <ClCompile Include="..\..\extlib\openjpeg\pi.c">
      <Filter>extlib\openjpeg</Filter>
    </ClCompile>
    <ClCompile Include="..\..\extlib\openjpeg\ppix_manager.c">
      <Filter>extlib\openjpeg</Filter>
    </ClCompile>
    <ClCompile Include="..\..\extlib\openjpeg\raw.c">
      <Filter>extlib\openjpeg</Filter>
    </ClCompile>
    <ClCompile Include="..\..\extlib\openjpeg\t1.c">
      <Filter>extlib\openjpeg</Filter>
    </ClCompile>
    <ClCompile Include="..\..\extlib\openjpeg\t2.c">
      <Filter>extlib\openjpeg</Filter>
    </ClCompile>
    <ClCompile Include="..\..\extlib\openjpeg\tcd.c">
      <Filter>extlib\openjpeg</Filter>
    </ClCompile>
    <ClCompile Include="..\..\extlib\openjpeg\tgt.c">
      <Filter>extlib\openjpeg</Filter>
    </ClCompile>
    <ClCompile Include="..\..\extlib\jbig2dec\jbig2.c">
      <Filter>extlib\jbig2dec</Filter>
    </ClCompile>
    <ClCompile Include="..\..\extlib\jbig2dec\jbig2_arith.c">
      <Filter>extlib\jbig2dec</Filter>
    </ClCompile>
    <ClCompile Include="..\..\extlib\jbig2dec\jbig2_arith_iaid.c">
      <Filter>extlib\jbig2dec</Filter>
    </ClCompile>
    <ClCompile Include="..\..\extlib\jbig2dec\jbig2_arith_int.c">
      <Filter>extlib\jbig2dec</Filter>
    </ClCompile>
    <ClCompile Include="..\..\extlib\jbig2dec\jbig2_generic.c">
      <Filter>extlib\jbig2dec</Filter>
    </ClCompile>
    <ClCompile Include="..\..\extlib\jbig2dec\jbig2_halftone.c">
      <Filter>extlib\jbig2dec</Filter>
    </ClCompile>
    <ClCompile Include="..\..\extlib\jbig2dec\jbig2_huffman.c">
      <Filter>extlib\jbig2dec</Filter>
    </ClCompile>
    <ClCompile Include="..\..\extlib\jbig2dec\jbig2_image.c">
      <Filter>extlib\jbig2dec</Filter>
    </ClCompile>
    <ClCompile Include="..\..\extlib\jbig2dec\jbig2_metadata.c">
      <Filter>extlib\jbig2dec</Filter>
    </ClCompile>
    <ClCompile Include="..\..\extlib\jbig2dec\jbig2_mmr.c">
      <Filter>extlib\jbig2dec</Filter>
    </ClCompile>
    <ClCompile Include="..\..\extlib\jbig2dec\jbig2_page.c">
      <Filter>extlib\jbig2dec</Filter>
    </ClCompile>
    <ClCompile Include="..\..\extlib\jbig2dec\jbig2_refinement.c">
      <Filter>extlib\jbig2dec</Filter>
    </ClCompile>
    <ClCompile Include="..\..\extlib\jbig2dec\jbig2_segment.c">
      <Filter>extlib\jbig2dec</Filter>
    </ClCompile>
    <ClCompile Include="..\..\extlib\jbig2dec\jbig2_symbol_dict.c">
      <Filter>extlib\jbig2dec</Filter>
    </ClCompile>
    <ClCompile Include="..\..\extlib\jbig2dec\jbig2_text.c">
      <Filter>extlib\jbig2dec</Filter>
    </ClCompile>
  </ItemGroup>
</Project>