<?xml version="1.0" encoding="utf-8"?>
<Project ToolsVersion="4.0" xmlns="http://schemas.microsoft.com/developer/msbuild/2003">
  <ItemGroup>
    <Filter Include="源文件">
      <UniqueIdentifier>{4FC737F1-C7A5-4376-A066-2A32D752A2FF}</UniqueIdentifier>
      <Extensions>cpp;c;cc;cxx;def;odl;idl;hpj;bat;asm;asmx</Extensions>
    </Filter>
    <Filter Include="头文件">
      <UniqueIdentifier>{93995380-89BD-4b04-88EB-625FBE52EBFB}</UniqueIdentifier>
      <Extensions>h;hpp;hxx;hm;inl;inc;xsd</Extensions>
    </Filter>
    <Filter Include="源文件\PDF">
      <UniqueIdentifier>{891c0d2f-38ca-4310-b516-e1f34536cb59}</UniqueIdentifier>
    </Filter>
    <Filter Include="头文件\PDF">
      <UniqueIdentifier>{b8490f1c-7584-4064-97ed-7d7b1c842b90}</UniqueIdentifier>
    </Filter>
  </ItemGroup>
  <ItemGroup>
    <ClInclude Include="..\..\include\che_base.h">
      <Filter>头文件</Filter>
    </ClInclude>
    <ClInclude Include="..\..\include\che_bitmap.h">
      <Filter>头文件</Filter>
    </ClInclude>
    <ClInclude Include="..\..\include\che_datastructure.h">
      <Filter>头文件</Filter>
    </ClInclude>
    <ClInclude Include="..\..\include\che_define.h">
      <Filter>头文件</Filter>
    </ClInclude>
    <ClInclude Include="..\..\include\che_graphics.h">
      <Filter>头文件</Filter>
    </ClInclude>
    <ClInclude Include="..\..\include\che_string.h">
      <Filter>头文件</Filter>
    </ClInclude>
    <ClInclude Include="..\..\include\pdf\che_pdf.h">
      <Filter>头文件\PDF</Filter>
    </ClInclude>
    <ClInclude Include="..\..\include\pdf\che_pdf_collector.h">
      <Filter>头文件\PDF</Filter>
    </ClInclude>
    <ClInclude Include="..\..\include\pdf\che_pdf_contentobjs.h">
      <Filter>头文件\PDF</Filter>
    </ClInclude>
    <ClInclude Include="..\..\include\pdf\che_pdf_contents.h">
      <Filter>头文件\PDF</Filter>
    </ClInclude>
    <ClInclude Include="..\..\include\pdf\che_pdf_creator.h">
      <Filter>头文件\PDF</Filter>
    </ClInclude>
    <ClInclude Include="..\..\include\pdf\che_pdf_define.h">
      <Filter>头文件\PDF</Filter>
    </ClInclude>
    <ClInclude Include="..\..\include\pdf\che_pdf_encrypt.h">
      <Filter>头文件\PDF</Filter>
    </ClInclude>
    <ClInclude Include="..\..\include\pdf\che_pdf_filter.h">
      <Filter>头文件\PDF</Filter>
    </ClInclude>
    <ClInclude Include="..\..\include\pdf\che_pdf_font.h">
      <Filter>头文件\PDF</Filter>
    </ClInclude>
    <ClInclude Include="..\..\include\pdf\che_pdf_graphics.h">
      <Filter>头文件\PDF</Filter>
    </ClInclude>
    <ClInclude Include="..\..\include\pdf\che_pdf_graphicsState.h">
      <Filter>头文件\PDF</Filter>
    </ClInclude>
    <ClInclude Include="..\..\include\pdf\che_pdf_matrix.h">
      <Filter>头文件\PDF</Filter>
    </ClInclude>
    <ClInclude Include="..\..\include\pdf\che_pdf_objclone.h">
      <Filter>头文件\PDF</Filter>
    </ClInclude>
    <ClInclude Include="..\..\include\pdf\che_pdf_objects.h">
      <Filter>头文件\PDF</Filter>
    </ClInclude>
    <ClInclude Include="..\..\include\pdf\che_pdf_pageobjs.h">
      <Filter>头文件\PDF</Filter>
    </ClInclude>
    <ClInclude Include="..\..\include\pdf\che_pdf_pages.h">
      <Filter>头文件\PDF</Filter>
    </ClInclude>
    <ClInclude Include="..\..\include\pdf\che_pdf_parser.h">
      <Filter>头文件\PDF</Filter>
    </ClInclude>
    <ClInclude Include="..\..\include\pdf\che_pdf_renderer.h">
      <Filter>头文件\PDF</Filter>
    </ClInclude>
    <ClInclude Include="..\..\include\pdf\che_pdf_resource.h">
      <Filter>头文件\PDF</Filter>
    </ClInclude>
    <ClInclude Include="..\..\include\pdf\che_pdf_text.h">
      <Filter>头文件\PDF</Filter>
    </ClInclude>
    <ClInclude Include="..\..\include\pdf\che_pdf_xref.h">
      <Filter>头文件\PDF</Filter>
    </ClInclude>
  </ItemGroup>
  <ItemGroup>
    <ClCompile Include="..\..\src\che_base.cpp">
      <Filter>源文件</Filter>
    </ClCompile>
    <ClCompile Include="..\..\src\che_bitmap.cpp">
      <Filter>源文件</Filter>
    </ClCompile>
    <ClCompile Include="..\..\src\che_datastructure.cpp">
      <Filter>源文件</Filter>
    </ClCompile>
    <ClCompile Include="..\..\src\che_graphics.cpp">
      <Filter>源文件</Filter>
    </ClCompile>
    <ClCompile Include="..\..\src\che_string.cpp">
      <Filter>源文件</Filter>
    </ClCompile>
    <ClCompile Include="..\..\src\pdf\che_pdf.cpp">
      <Filter>源文件\PDF</Filter>
    </ClCompile>
    <ClCompile Include="..\..\src\pdf\che_pdf_collector.cpp">
      <Filter>源文件\PDF</Filter>
    </ClCompile>
    <ClCompile Include="..\..\src\pdf\che_pdf_contentobjs.cpp">
      <Filter>源文件\PDF</Filter>
    </ClCompile>
    <ClCompile Include="..\..\src\pdf\che_pdf_contents.cpp">
      <Filter>源文件\PDF</Filter>
    </ClCompile>
    <ClCompile Include="..\..\src\pdf\che_pdf_creator.cpp">
      <Filter>源文件\PDF</Filter>
    </ClCompile>
    <ClCompile Include="..\..\src\pdf\che_pdf_encrypt.cpp">
      <Filter>源文件\PDF</Filter>
    </ClCompile>
    <ClCompile Include="..\..\src\pdf\che_pdf_filter.cpp">
      <Filter>源文件\PDF</Filter>
    </ClCompile>
    <ClCompile Include="..\..\src\pdf\che_pdf_font.cpp">
      <Filter>源文件\PDF</Filter>
    </ClCompile>
    <ClCompile Include="..\..\src\pdf\che_pdf_graphics.cpp">
      <Filter>源文件\PDF</Filter>
    </ClCompile>
    <ClCompile Include="..\..\src\pdf\che_pdf_graphicsState.cpp">
      <Filter>源文件\PDF</Filter>
    </ClCompile>
    <ClCompile Include="..\..\src\pdf\che_pdf_matrix.cpp">
      <Filter>源文件\PDF</Filter>
    </ClCompile>
    <ClCompile Include="..\..\src\pdf\che_pdf_objclone.cpp">
      <Filter>源文件\PDF</Filter>
    </ClCompile>
    <ClCompile Include="..\..\src\pdf\che_pdf_objects.cpp">
      <Filter>源文件\PDF</Filter>
    </ClCompile>
    <ClCompile Include="..\..\src\pdf\che_pdf_pageobjs.cpp">
      <Filter>源文件\PDF</Filter>
    </ClCompile>
    <ClCompile Include="..\..\src\pdf\che_pdf_pages.cpp">
      <Filter>源文件\PDF</Filter>
    </ClCompile>
    <ClCompile Include="..\..\src\pdf\che_pdf_parser.cpp">
      <Filter>源文件\PDF</Filter>
    </ClCompile>
    <ClCompile Include="..\..\src\pdf\che_pdf_renderer.cpp">
      <Filter>源文件\PDF</Filter>
    </ClCompile>
    <ClCompile Include="..\..\src\pdf\che_pdf_resource.cpp">
      <Filter>源文件\PDF</Filter>
    </ClCompile>
    <ClCompile Include="..\..\src\pdf\che_pdf_text.cpp">
      <Filter>源文件\PDF</Filter>
    </ClCompile>
    <ClCompile Include="..\..\src\pdf\che_pdf_xref.cpp">
      <Filter>源文件\PDF</Filter>
    </ClCompile>
  </ItemGroup>
</Project>