
Microsoft Visual Studio Solution File, Format Version 9.00
# Visual Studio 2005
Project("{8BC9CEB8-8B4A-11D0-8D11-00A0C91BC942}") = "chelib", "chelib.vcproj", "{0A9229DA-6400-409C-865B-91FDD39D0397}"
EndProject
Global
	GlobalSection(SolutionConfigurationPlatforms) = preSolution
		Debug|Win32 = Debug|Win32
		Release|Win32 = Release|Win32
	EndGlobalSection
	GlobalSection(ProjectConfigurationPlatforms) = postSolution
		{0A9229DA-6400-409C-865B-91FDD39D0397}.Debug|Win32.ActiveCfg = Debug|Win32
		{0A9229DA-6400-409C-865B-91FDD39D0397}.Debug|Win32.Build.0 = Debug|Win32
		{0A9229DA-6400-409C-865B-91FDD39D0397}.Release|Win32.ActiveCfg = Release|Win32
		{0A9229DA-6400-409C-865B-91FDD39D0397}.Release|Win32.Build.0 = Release|Win32
	EndGlobalSection
	GlobalSection(SolutionProperties) = preSolution
		HideSolutionNode = FALSE
	EndGlobalSection
EndGlobal
