// !$*UTF8*$!
{
	archiveVersion = 1;
	classes = {
	};
	objectVersion = 46;
	objects = {

/* Begin PBXBuildFile section */
		90332ECF1A51B30800629EB5 /* AppDelegate.m in Sources */ = {isa = PBXBuildFile; fileRef = 90332ECE1A51B30800629EB5 /* AppDelegate.m */; };
		90332ED11A51B30800629EB5 /* main.m in Sources */ = {isa = PBXBuildFile; fileRef = 90332ED01A51B30800629EB5 /* main.m */; };
		90332EDA1A51B30800629EB5 /* Document.xcdatamodeld in Sources */ = {isa = PBXBuildFile; fileRef = 90332ED81A51B30800629EB5 /* Document.xcdatamodeld */; };
		90332EDC1A51B30800629EB5 /* Images.xcassets in Resources */ = {isa = PBXBuildFile; fileRef = 90332EDB1A51B30800629EB5 /* Images.xcassets */; };
		90332EDF1A51B30800629EB5 /* MainMenu.xib in Resources */ = {isa = PBXBuildFile; fileRef = 90332EDD1A51B30800629EB5 /* MainMenu.xib */; };
		90332EEB1A51B30900629EB5 /* PETests.m in Sources */ = {isa = PBXBuildFile; fileRef = 90332EEA1A51B30900629EB5 /* PETests.m */; };
		90332F001A51B58E00629EB5 /* WindowController.xib in Resources */ = {isa = PBXBuildFile; fileRef = 90332EFF1A51B58E00629EB5 /* WindowController.xib */; };
		90332F061A51B5B900629EB5 /* Document.mm in Sources */ = {isa = PBXBuildFile; fileRef = 90332F011A51B5B900629EB5 /* Document.mm */; };
		90332F071A51B5B900629EB5 /* PDFFileData.mm in Sources */ = {isa = PBXBuildFile; fileRef = 90332F031A51B5B900629EB5 /* PDFFileData.mm */; };
		90332F081A51B5B900629EB5 /* WindowController.m in Sources */ = {isa = PBXBuildFile; fileRef = 90332F051A51B5B900629EB5 /* WindowController.m */; };
		90332F0C1A51B7AB00629EB5 /* libchelib.a in Frameworks */ = {isa = PBXBuildFile; fileRef = 90332F0B1A51B7AB00629EB5 /* libchelib.a */; };
		90332F0E1A51B7F500629EB5 /* libchelib.a in Frameworks */ = {isa = PBXBuildFile; fileRef = 90332F0B1A51B7AB00629EB5 /* libchelib.a */; };
/* End PBXBuildFile section */

/* Begin PBXContainerItemProxy section */
		90332EE51A51B30900629EB5 /* PBXContainerItemProxy */ = {
			isa = PBXContainerItemProxy;
			containerPortal = 90332EC01A51B30800629EB5 /* Project object */;
			proxyType = 1;
			remoteGlobalIDString = 90332EC71A51B30800629EB5;
			remoteInfo = PE;
		};
/* End PBXContainerItemProxy section */

/* Begin PBXFileReference section */
		90332EC81A51B30800629EB5 /* PE.app */ = {isa = PBXFileReference; explicitFileType = wrapper.application; includeInIndex = 0; path = PE.app; sourceTree = BUILT_PRODUCTS_DIR; };
		90332ECC1A51B30800629EB5 /* Info.plist */ = {isa = PBXFileReference; lastKnownFileType = text.plist.xml; path = Info.plist; sourceTree = "<group>"; };
		90332ECD1A51B30800629EB5 /* AppDelegate.h */ = {isa = PBXFileReference; lastKnownFileType = sourcecode.c.h; path = AppDelegate.h; sourceTree = "<group>"; };
		90332ECE1A51B30800629EB5 /* AppDelegate.m */ = {isa = PBXFileReference; lastKnownFileType = sourcecode.c.objc; path = AppDelegate.m; sourceTree = "<group>"; };
		90332ED01A51B30800629EB5 /* main.m */ = {isa = PBXFileReference; lastKnownFileType = sourcecode.c.objc; path = main.m; sourceTree = "<group>"; };
		90332ED21A51B30800629EB5 /* Document.h */ = {isa = PBXFileReference; lastKnownFileType = sourcecode.c.h; path = Document.h; sourceTree = "<group>"; };
		90332ED91A51B30800629EB5 /* Document.xcdatamodel */ = {isa = PBXFileReference; lastKnownFileType = wrapper.xcdatamodel; path = Document.xcdatamodel; sourceTree = "<group>"; };
		90332EDB1A51B30800629EB5 /* Images.xcassets */ = {isa = PBXFileReference; lastKnownFileType = folder.assetcatalog; path = Images.xcassets; sourceTree = "<group>"; };
		90332EDE1A51B30800629EB5 /* Base */ = {isa = PBXFileReference; lastKnownFileType = file.xib; name = Base; path = Base.lproj/MainMenu.xib; sourceTree = "<group>"; };
		90332EE41A51B30900629EB5 /* PETests.xctest */ = {isa = PBXFileReference; explicitFileType = wrapper.cfbundle; includeInIndex = 0; path = PETests.xctest; sourceTree = BUILT_PRODUCTS_DIR; };
		90332EE91A51B30900629EB5 /* Info.plist */ = {isa = PBXFileReference; lastKnownFileType = text.plist.xml; path = Info.plist; sourceTree = "<group>"; };
		90332EEA1A51B30900629EB5 /* PETests.m */ = {isa = PBXFileReference; lastKnownFileType = sourcecode.c.objc; path = PETests.m; sourceTree = "<group>"; };
		90332EFF1A51B58E00629EB5 /* WindowController.xib */ = {isa = PBXFileReference; fileEncoding = 4; lastKnownFileType = file.xib; path = WindowController.xib; sourceTree = "<group>"; };
		90332F011A51B5B900629EB5 /* Document.mm */ = {isa = PBXFileReference; fileEncoding = 4; lastKnownFileType = sourcecode.cpp.objcpp; path = Document.mm; sourceTree = "<group>"; };
		90332F021A51B5B900629EB5 /* PDFFileData.h */ = {isa = PBXFileReference; fileEncoding = 4; lastKnownFileType = sourcecode.c.h; path = PDFFileData.h; sourceTree = "<group>"; };
		90332F031A51B5B900629EB5 /* PDFFileData.mm */ = {isa = PBXFileReference; fileEncoding = 4; lastKnownFileType = sourcecode.cpp.objcpp; path = PDFFileData.mm; sourceTree = "<group>"; };
		90332F041A51B5B900629EB5 /* WindowController.h */ = {isa = PBXFileReference; fileEncoding = 4; lastKnownFileType = sourcecode.c.h; path = WindowController.h; sourceTree = "<group>"; };
		90332F051A51B5B900629EB5 /* WindowController.m */ = {isa = PBXFileReference; fileEncoding = 4; lastKnownFileType = sourcecode.c.objc; path = WindowController.m; sourceTree = "<group>"; };
		90332F0B1A51B7AB00629EB5 /* libchelib.a */ = {isa = PBXFileReference; lastKnownFileType = archive.ar; name = libchelib.a; path = "../../../../../../Library/Developer/Xcode/DerivedData/chelib-dbhxkozwlxcbqxbtybrpkogtqnmu/Build/Products/Debug/libchelib.a"; sourceTree = "<group>"; };
/* End PBXFileReference section */

/* Begin PBXFrameworksBuildPhase section */
		90332EC51A51B30800629EB5 /* Frameworks */ = {
			isa = PBXFrameworksBuildPhase;
			buildActionMask = 2147483647;
			files = (
				90332F0C1A51B7AB00629EB5 /* libchelib.a in Frameworks */,
			);
			runOnlyForDeploymentPostprocessing = 0;
		};
		90332EE11A51B30900629EB5 /* Frameworks */ = {
			isa = PBXFrameworksBuildPhase;
			buildActionMask = 2147483647;
			files = (
				90332F0E1A51B7F500629EB5 /* libchelib.a in Frameworks */,
			);
			runOnlyForDeploymentPostprocessing = 0;
		};
/* End PBXFrameworksBuildPhase section */

/* Begin PBXGroup section */
		90332EBF1A51B30800629EB5 = {
			isa = PBXGroup;
			children = (
				90332F0D1A51B7B000629EB5 /* Frameworks */,
				90332ECA1A51B30800629EB5 /* PE */,
				90332EE71A51B30900629EB5 /* PETests */,
				90332EC91A51B30800629EB5 /* Products */,
			);
			sourceTree = "<group>";
		};
		90332EC91A51B30800629EB5 /* Products */ = {
			isa = PBXGroup;
			children = (
				90332EC81A51B30800629EB5 /* PE.app */,
				90332EE41A51B30900629EB5 /* PETests.xctest */,
			);
			name = Products;
			sourceTree = "<group>";
		};
		90332ECA1A51B30800629EB5 /* PE */ = {
			isa = PBXGroup;
			children = (
				90332ECD1A51B30800629EB5 /* AppDelegate.h */,
				90332ECE1A51B30800629EB5 /* AppDelegate.m */,
				90332ED21A51B30800629EB5 /* Document.h */,
				90332F011A51B5B900629EB5 /* Document.mm */,
				90332ED81A51B30800629EB5 /* Document.xcdatamodeld */,
				90332EDB1A51B30800629EB5 /* Images.xcassets */,
				90332EDD1A51B30800629EB5 /* MainMenu.xib */,
				90332F021A51B5B900629EB5 /* PDFFileData.h */,
				90332F031A51B5B900629EB5 /* PDFFileData.mm */,
				90332ECB1A51B30800629EB5 /* Supporting Files */,
				90332F041A51B5B900629EB5 /* WindowController.h */,
				90332F051A51B5B900629EB5 /* WindowController.m */,
				90332EFF1A51B58E00629EB5 /* WindowController.xib */,
			);
			path = PE;
			sourceTree = "<group>";
		};
		90332ECB1A51B30800629EB5 /* Supporting Files */ = {
			isa = PBXGroup;
			children = (
				90332ECC1A51B30800629EB5 /* Info.plist */,
				90332ED01A51B30800629EB5 /* main.m */,
			);
			name = "Supporting Files";
			sourceTree = "<group>";
		};
		90332EE71A51B30900629EB5 /* PETests */ = {
			isa = PBXGroup;
			children = (
				90332EEA1A51B30900629EB5 /* PETests.m */,
				90332EE81A51B30900629EB5 /* Supporting Files */,
			);
			path = PETests;
			sourceTree = "<group>";
		};
		90332EE81A51B30900629EB5 /* Supporting Files */ = {
			isa = PBXGroup;
			children = (
				90332EE91A51B30900629EB5 /* Info.plist */,
			);
			name = "Supporting Files";
			sourceTree = "<group>";
		};
		90332F0D1A51B7B000629EB5 /* Frameworks */ = {
			isa = PBXGroup;
			children = (
				90332F0B1A51B7AB00629EB5 /* libchelib.a */,
			);
			name = Frameworks;
			sourceTree = "<group>";
		};
/* End PBXGroup section */

/* Begin PBXNativeTarget section */
		90332EC71A51B30800629EB5 /* PE */ = {
			isa = PBXNativeTarget;
			buildConfigurationList = 90332EEE1A51B30900629EB5 /* Build configuration list for PBXNativeTarget "PE" */;
			buildPhases = (
				90332EC41A51B30800629EB5 /* Sources */,
				90332EC51A51B30800629EB5 /* Frameworks */,
				90332EC61A51B30800629EB5 /* Resources */,
			);
			buildRules = (
			);
			dependencies = (
			);
			name = PE;
			productName = PE;
			productReference = 90332EC81A51B30800629EB5 /* PE.app */;
			productType = "com.apple.product-type.application";
		};
		90332EE31A51B30900629EB5 /* PETests */ = {
			isa = PBXNativeTarget;
			buildConfigurationList = 90332EF11A51B30900629EB5 /* Build configuration list for PBXNativeTarget "PETests" */;
			buildPhases = (
				90332EE01A51B30900629EB5 /* Sources */,
				90332EE11A51B30900629EB5 /* Frameworks */,
				90332EE21A51B30900629EB5 /* Resources */,
			);
			buildRules = (
			);
			dependencies = (
				90332EE61A51B30900629EB5 /* PBXTargetDependency */,
			);
			name = PETests;
			productName = PETests;
			productReference = 90332EE41A51B30900629EB5 /* PETests.xctest */;
			productType = "com.apple.product-type.bundle.unit-test";
		};
/* End PBXNativeTarget section */

/* Begin PBXProject section */
		90332EC01A51B30800629EB5 /* Project object */ = {
			isa = PBXProject;
			attributes = {
				LastUpgradeCheck = 0610;
				ORGANIZATIONNAME = zencher;
				TargetAttributes = {
					90332EC71A51B30800629EB5 = {
						CreatedOnToolsVersion = 6.1.1;
					};
					90332EE31A51B30900629EB5 = {
						CreatedOnToolsVersion = 6.1.1;
						TestTargetID = 90332EC71A51B30800629EB5;
					};
				};
			};
			buildConfigurationList = 90332EC31A51B30800629EB5 /* Build configuration list for PBXProject "PE" */;
			compatibilityVersion = "Xcode 3.2";
			developmentRegion = English;
			hasScannedForEncodings = 0;
			knownRegions = (
				en,
				Base,
			);
			mainGroup = 90332EBF1A51B30800629EB5;
			productRefGroup = 90332EC91A51B30800629EB5 /* Products */;
			projectDirPath = "";
			projectRoot = "";
			targets = (
				90332EC71A51B30800629EB5 /* PE */,
				90332EE31A51B30900629EB5 /* PETests */,
			);
		};
/* End PBXProject section */

/* Begin PBXResourcesBuildPhase section */
		90332EC61A51B30800629EB5 /* Resources */ = {
			isa = PBXResourcesBuildPhase;
			buildActionMask = 2147483647;
			files = (
				90332EDC1A51B30800629EB5 /* Images.xcassets in Resources */,
				90332F001A51B58E00629EB5 /* WindowController.xib in Resources */,
				90332EDF1A51B30800629EB5 /* MainMenu.xib in Resources */,
			);
			runOnlyForDeploymentPostprocessing = 0;
		};
		90332EE21A51B30900629EB5 /* Resources */ = {
			isa = PBXResourcesBuildPhase;
			buildActionMask = 2147483647;
			files = (
			);
			runOnlyForDeploymentPostprocessing = 0;
		};
/* End PBXResourcesBuildPhase section */

/* Begin PBXSourcesBuildPhase section */
		90332EC41A51B30800629EB5 /* Sources */ = {
			isa = PBXSourcesBuildPhase;
			buildActionMask = 2147483647;
			files = (
				90332EDA1A51B30800629EB5 /* Document.xcdatamodeld in Sources */,
				90332F081A51B5B900629EB5 /* WindowController.m in Sources */,
				90332ED11A51B30800629EB5 /* main.m in Sources */,
				90332F061A51B5B900629EB5 /* Document.mm in Sources */,
				90332F071A51B5B900629EB5 /* PDFFileData.mm in Sources */,
				90332ECF1A51B30800629EB5 /* AppDelegate.m in Sources */,
			);
			runOnlyForDeploymentPostprocessing = 0;
		};
		90332EE01A51B30900629EB5 /* Sources */ = {
			isa = PBXSourcesBuildPhase;
			buildActionMask = 2147483647;
			files = (
				90332EEB1A51B30900629EB5 /* PETests.m in Sources */,
			);
			runOnlyForDeploymentPostprocessing = 0;
		};
/* End PBXSourcesBuildPhase section */

/* Begin PBXTargetDependency section */
		90332EE61A51B30900629EB5 /* PBXTargetDependency */ = {
			isa = PBXTargetDependency;
			target = 90332EC71A51B30800629EB5 /* PE */;
			targetProxy = 90332EE51A51B30900629EB5 /* PBXContainerItemProxy */;
		};
/* End PBXTargetDependency section */

/* Begin PBXVariantGroup section */
		90332EDD1A51B30800629EB5 /* MainMenu.xib */ = {
			isa = PBXVariantGroup;
			children = (
				90332EDE1A51B30800629EB5 /* Base */,
			);
			name = MainMenu.xib;
			sourceTree = "<group>";
		};
/* End PBXVariantGroup section */

/* Begin XCBuildConfiguration section */
		90332EEC1A51B30900629EB5 /* Debug */ = {
			isa = XCBuildConfiguration;
			buildSettings = {
				ALWAYS_SEARCH_USER_PATHS = NO;
				CLANG_CXX_LANGUAGE_STANDARD = "gnu++0x";
				CLANG_CXX_LIBRARY = "libc++";
				CLANG_ENABLE_MODULES = YES;
				CLANG_ENABLE_OBJC_ARC = YES;
				CLANG_WARN_BOOL_CONVERSION = YES;
				CLANG_WARN_CONSTANT_CONVERSION = YES;
				CLANG_WARN_DIRECT_OBJC_ISA_USAGE = YES_ERROR;
				CLANG_WARN_EMPTY_BODY = YES;
				CLANG_WARN_ENUM_CONVERSION = YES;
				CLANG_WARN_INT_CONVERSION = YES;
				CLANG_WARN_OBJC_ROOT_CLASS = YES_ERROR;
				CLANG_WARN_UNREACHABLE_CODE = YES;
				CLANG_WARN__DUPLICATE_METHOD_MATCH = YES;
				CODE_SIGN_IDENTITY = "-";
				COPY_PHASE_STRIP = NO;
				ENABLE_STRICT_OBJC_MSGSEND = YES;
				GCC_C_LANGUAGE_STANDARD = gnu99;
				GCC_DYNAMIC_NO_PIC = NO;
				GCC_OPTIMIZATION_LEVEL = 0;
				GCC_PREPROCESSOR_DEFINITIONS = _MAC_OS_X_;
				GCC_SYMBOLS_PRIVATE_EXTERN = NO;
				GCC_WARN_64_TO_32_BIT_CONVERSION = YES;
				GCC_WARN_ABOUT_RETURN_TYPE = YES_ERROR;
				GCC_WARN_UNDECLARED_SELECTOR = YES;
				GCC_WARN_UNINITIALIZED_AUTOS = YES_AGGRESSIVE;
				GCC_WARN_UNUSED_FUNCTION = YES;
				GCC_WARN_UNUSED_VARIABLE = YES;
				MACOSX_DEPLOYMENT_TARGET = 10.10;
				MTL_ENABLE_DEBUG_INFO = YES;
				ONLY_ACTIVE_ARCH = YES;
				SDKROOT = macosx;
			};
			name = Debug;
		};
		90332EED1A51B30900629EB5 /* Release */ = {
			isa = XCBuildConfiguration;
			buildSettings = {
				ALWAYS_SEARCH_USER_PATHS = NO;
				CLANG_CXX_LANGUAGE_STANDARD = "gnu++0x";
				CLANG_CXX_LIBRARY = "libc++";
				CLANG_ENABLE_MODULES = YES;
				CLANG_ENABLE_OBJC_ARC = YES;
				CLANG_WARN_BOOL_CONVERSION = YES;
				CLANG_WARN_CONSTANT_CONVERSION = YES;
				CLANG_WARN_DIRECT_OBJC_ISA_USAGE = YES_ERROR;
				CLANG_WARN_EMPTY_BODY = YES;
				CLANG_WARN_ENUM_CONVERSION = YES;
				CLANG_WARN_INT_CONVERSION = YES;
				CLANG_WARN_OBJC_ROOT_CLASS = YES_ERROR;
				CLANG_WARN_UNREACHABLE_CODE = YES;
				CLANG_WARN__DUPLICATE_METHOD_MATCH = YES;
				CODE_SIGN_IDENTITY = "-";
				COPY_PHASE_STRIP = YES;
				DEBUG_INFORMATION_FORMAT = "dwarf-with-dsym";
				ENABLE_NS_ASSERTIONS = NO;
				ENABLE_STRICT_OBJC_MSGSEND = YES;
				GCC_C_LANGUAGE_STANDARD = gnu99;
				GCC_PREPROCESSOR_DEFINITIONS = _MAC_OS_X_;
				GCC_WARN_64_TO_32_BIT_CONVERSION = YES;
				GCC_WARN_ABOUT_RETURN_TYPE = YES_ERROR;
				GCC_WARN_UNDECLARED_SELECTOR = YES;
				GCC_WARN_UNINITIALIZED_AUTOS = YES_AGGRESSIVE;
				GCC_WARN_UNUSED_FUNCTION = YES;
				GCC_WARN_UNUSED_VARIABLE = YES;
				MACOSX_DEPLOYMENT_TARGET = 10.10;
				MTL_ENABLE_DEBUG_INFO = NO;
				SDKROOT = macosx;
			};
			name = Release;
		};
		90332EEF1A51B30900629EB5 /* Debug */ = {
			isa = XCBuildConfiguration;
			buildSettings = {
				ASSETCATALOG_COMPILER_APPICON_NAME = AppIcon;
				COMBINE_HIDPI_IMAGES = YES;
				INFOPLIST_FILE = PE/Info.plist;
				LD_RUNPATH_SEARCH_PATHS = "$(inherited) @executable_path/../Frameworks";
				LIBRARY_SEARCH_PATHS = (
					"$(inherited)",
					/Users/zencher/Workplace/chelib/trunk/projects/xcode/build/Debug,
					"$(USER_LIBRARY_DIR)/Developer/Xcode/DerivedData/chelib-dbhxkozwlxcbqxbtybrpkogtqnmu/Build/Products/Debug",
				);
				PRODUCT_NAME = "$(TARGET_NAME)";
			};
			name = Debug;
		};
		90332EF01A51B30900629EB5 /* Release */ = {
			isa = XCBuildConfiguration;
			buildSettings = {
				ASSETCATALOG_COMPILER_APPICON_NAME = AppIcon;
				COMBINE_HIDPI_IMAGES = YES;
				INFOPLIST_FILE = PE/Info.plist;
				LD_RUNPATH_SEARCH_PATHS = "$(inherited) @executable_path/../Frameworks";
				LIBRARY_SEARCH_PATHS = (
					"$(inherited)",
					/Users/zencher/Workplace/chelib/trunk/projects/xcode/build/Debug,
					"$(USER_LIBRARY_DIR)/Developer/Xcode/DerivedData/chelib-dbhxkozwlxcbqxbtybrpkogtqnmu/Build/Products/Debug",
				);
				PRODUCT_NAME = "$(TARGET_NAME)";
			};
			name = Release;
		};
		90332EF21A51B30900629EB5 /* Debug */ = {
			isa = XCBuildConfiguration;
			buildSettings = {
				BUNDLE_LOADER = "$(TEST_HOST)";
				COMBINE_HIDPI_IMAGES = YES;
				FRAMEWORK_SEARCH_PATHS = (
					"$(DEVELOPER_FRAMEWORKS_DIR)",
					"$(inherited)",
				);
				GCC_PREPROCESSOR_DEFINITIONS = (
					"DEBUG=1",
					"$(inherited)",
				);
				INFOPLIST_FILE = PETests/Info.plist;
				LD_RUNPATH_SEARCH_PATHS = "$(inherited) @executable_path/../Frameworks @loader_path/../Frameworks";
				LIBRARY_SEARCH_PATHS = (
					"$(inherited)",
					"$(USER_LIBRARY_DIR)/Developer/Xcode/DerivedData/chelib-dbhxkozwlxcbqxbtybrpkogtqnmu/Build/Products/Debug",
				);
				PRODUCT_NAME = "$(TARGET_NAME)";
				TEST_HOST = "$(BUILT_PRODUCTS_DIR)/PE.app/Contents/MacOS/PE";
			};
			name = Debug;
		};
		90332EF31A51B30900629EB5 /* Release */ = {
			isa = XCBuildConfiguration;
			buildSettings = {
				BUNDLE_LOADER = "$(TEST_HOST)";
				COMBINE_HIDPI_IMAGES = YES;
				FRAMEWORK_SEARCH_PATHS = (
					"$(DEVELOPER_FRAMEWORKS_DIR)",
					"$(inherited)",
				);
				INFOPLIST_FILE = PETests/Info.plist;
				LD_RUNPATH_SEARCH_PATHS = "$(inherited) @executable_path/../Frameworks @loader_path/../Frameworks";
				LIBRARY_SEARCH_PATHS = (
					"$(inherited)",
					"$(USER_LIBRARY_DIR)/Developer/Xcode/DerivedData/chelib-dbhxkozwlxcbqxbtybrpkogtqnmu/Build/Products/Debug",
				);
				PRODUCT_NAME = "$(TARGET_NAME)";
				TEST_HOST = "$(BUILT_PRODUCTS_DIR)/PE.app/Contents/MacOS/PE";
			};
			name = Release;
		};
/* End XCBuildConfiguration section */

/* Begin XCConfigurationList section */
		90332EC31A51B30800629EB5 /* Build configuration list for PBXProject "PE" */ = {
			isa = XCConfigurationList;
			buildConfigurations = (
				90332EEC1A51B30900629EB5 /* Debug */,
				90332EED1A51B30900629EB5 /* Release */,
			);
			defaultConfigurationIsVisible = 0;
			defaultConfigurationName = Release;
		};
		90332EEE1A51B30900629EB5 /* Build configuration list for PBXNativeTarget "PE" */ = {
			isa = XCConfigurationList;
			buildConfigurations = (
				90332EEF1A51B30900629EB5 /* Debug */,
				90332EF01A51B30900629EB5 /* Release */,
			);
			defaultConfigurationIsVisible = 0;
			defaultConfigurationName = Release;
		};
		90332EF11A51B30900629EB5 /* Build configuration list for PBXNativeTarget "PETests" */ = {
			isa = XCConfigurationList;
			buildConfigurations = (
				90332EF21A51B30900629EB5 /* Debug */,
				90332EF31A51B30900629EB5 /* Release */,
			);
			defaultConfigurationIsVisible = 0;
			defaultConfigurationName = Release;
		};
/* End XCConfigurationList section */

/* Begin XCVersionGroup section */
		90332ED81A51B30800629EB5 /* Document.xcdatamodeld */ = {
			isa = XCVersionGroup;
			children = (
				90332ED91A51B30800629EB5 /* Document.xcdatamodel */,
			);
			currentVersion = 90332ED91A51B30800629EB5 /* Document.xcdatamodel */;
			path = Document.xcdatamodeld;
			sourceTree = "<group>";
			versionGroupType = wrapper.xcdatamodel;
		};
/* End XCVersionGroup section */
	};
	rootObject = 90332EC01A51B30800629EB5 /* Project object */;
}
