<?xml version="1.0" encoding="utf-8"?>
<Project ToolsVersion="4.0" xmlns="http://schemas.microsoft.com/developer/msbuild/2003">
  <ItemGroup>
    <ClCompile Include="stdafx.cpp">
      <Filter>源文件</Filter>
    </ClCompile>
    <ClCompile Include="..\source\SelectionModeDlg.cpp">
      <Filter>源文件</Filter>
    </ClCompile>
    <ClCompile Include="..\source\PdfSplitterDlg.cpp">
      <Filter>源文件</Filter>
    </ClCompile>
    <ClCompile Include="..\source\PdfSplitter.cpp">
      <Filter>源文件</Filter>
    </ClCompile>
    <ClCompile Include="..\source\PagesSelectionDlg.cpp">
      <Filter>源文件</Filter>
    </ClCompile>
    <ClCompile Include="..\source\PageSelectionDlg.cpp">
      <Filter>源文件</Filter>
    </ClCompile>
    <ClCompile Include="..\source\FileLoadDlg.cpp">
      <Filter>源文件</Filter>
    </ClCompile>
    <ClCompile Include="..\source\ProcessDlg.cpp">
      <Filter>源文件</Filter>
    </ClCompile>
    <ClCompile Include="..\source\PasswordDlg.cpp">
      <Filter>源文件</Filter>
    </ClCompile>
    <ClCompile Include="..\source\Welcome.cpp">
      <Filter>源文件</Filter>
    </ClCompile>
  </ItemGroup>
  <ItemGroup>
    <ClInclude Include="Resource.h">
      <Filter>头文件</Filter>
    </ClInclude>
    <ClInclude Include="stdafx.h">
      <Filter>头文件</Filter>
    </ClInclude>
    <ClInclude Include="targetver.h">
      <Filter>头文件</Filter>
    </ClInclude>
    <ClInclude Include="..\source\FileLoadDlg.h">
      <Filter>头文件</Filter>
    </ClInclude>
    <ClInclude Include="..\source\PageSelectionDlg.h">
      <Filter>头文件</Filter>
    </ClInclude>
    <ClInclude Include="..\source\PagesSelectionDlg.h">
      <Filter>头文件</Filter>
    </ClInclude>
    <ClInclude Include="..\source\PdfSplitter.h">
      <Filter>头文件</Filter>
    </ClInclude>
    <ClInclude Include="..\source\PdfSplitterDlg.h">
      <Filter>头文件</Filter>
    </ClInclude>
    <ClInclude Include="..\source\SelectionModeDlg.h">
      <Filter>头文件</Filter>
    </ClInclude>
    <ClInclude Include="..\source\ProcessDlg.h">
      <Filter>头文件</Filter>
    </ClInclude>
    <ClInclude Include="..\source\PasswordDlg.h">
      <Filter>头文件</Filter>
    </ClInclude>
    <ClInclude Include="..\source\Welcome.h">
      <Filter>头文件</Filter>
    </ClInclude>
  </ItemGroup>
  <ItemGroup>
    <None Include="res\PdfSplitter.ico" />
    <None Include="res\PdfSplitter.rc2" />
  </ItemGroup>
  <ItemGroup>
    <Filter Include="头文件">
      <UniqueIdentifier>{cc390695-31e0-4436-87e9-c094367fbc95}</UniqueIdentifier>
    </Filter>
    <Filter Include="源文件">
      <UniqueIdentifier>{687374ed-5730-41e7-9fc2-9f551c8491c4}</UniqueIdentifier>
    </Filter>
  </ItemGroup>
  <ItemGroup>
    <ResourceCompile Include="PdfSplitter.rc" />
  </ItemGroup>
</Project>