
Microsoft Visual Studio Solution File, Format Version 11.00
# Visual Studio 2010
Project("{54435603-DBB4-11D2-8724-00A0C9A8B90C}") = "PdfSplitterInstaller", "PdfSplitterInstaller.vdproj", "{27011485-F73F-4570-92C5-3EE044AE6851}"
EndProject
Global
	GlobalSection(SolutionConfigurationPlatforms) = preSolution
		Debug|Default = Debug|Default
		Release|Default = Release|Default
	EndGlobalSection
	GlobalSection(ProjectConfigurationPlatforms) = postSolution
		{27011485-F73F-4570-92C5-3EE044AE6851}.Debug|Default.ActiveCfg = Debug
		{27011485-F73F-4570-92C5-3EE044AE6851}.Debug|Default.Build.0 = Debug
		{27011485-F73F-4570-92C5-3EE044AE6851}.Release|Default.ActiveCfg = Release
		{27011485-F73F-4570-92C5-3EE044AE6851}.Release|Default.Build.0 = Release
	EndGlobalSection
	GlobalSection(SolutionProperties) = preSolution
		HideSolutionNode = FALSE
	EndGlobalSection
EndGlobal
