// !$*UTF8*$!
{
	archiveVersion = 1;
	classes = {
	};
	objectVersion = 46;
	objects = {

/* Begin PBXBuildFile section */
		909D97B7175745F70030BD7E /* che_drawer_macosx.h in Headers */ = {isa = PBXBuildFile; fileRef = 909D97B6175745F70030BD7E /* che_drawer_macosx.h */; };
		909D97BA175746250030BD7E /* che_drawer_macosx.cpp in Sources */ = {isa = PBXBuildFile; fileRef = 909D97B8175746250030BD7E /* che_drawer_macosx.cpp */; };
		909E11331754453600540539 /* che_base.cpp in Sources */ = {isa = PBXBuildFile; fileRef = 909E112E1754453600540539 /* che_base.cpp */; };
		909E11341754453600540539 /* che_bitmap.cpp in Sources */ = {isa = PBXBuildFile; fileRef = 909E112F1754453600540539 /* che_bitmap.cpp */; };
		909E11351754453600540539 /* che_datastructure.cpp in Sources */ = {isa = PBXBuildFile; fileRef = 909E11301754453600540539 /* che_datastructure.cpp */; };
		909E11361754453600540539 /* che_graphics.cpp in Sources */ = {isa = PBXBuildFile; fileRef = 909E11311754453600540539 /* che_graphics.cpp */; };
		909E11371754453600540539 /* che_string.cpp in Sources */ = {isa = PBXBuildFile; fileRef = 909E11321754453600540539 /* che_string.cpp */; };
		909E113E1754454D00540539 /* che_base.h in Headers */ = {isa = PBXBuildFile; fileRef = 909E11381754454D00540539 /* che_base.h */; };
		909E113F1754454D00540539 /* che_bitmap.h in Headers */ = {isa = PBXBuildFile; fileRef = 909E11391754454D00540539 /* che_bitmap.h */; };
		909E11401754454D00540539 /* che_datastructure.h in Headers */ = {isa = PBXBuildFile; fileRef = 909E113A1754454D00540539 /* che_datastructure.h */; };
		909E11411754454D00540539 /* che_define.h in Headers */ = {isa = PBXBuildFile; fileRef = 909E113B1754454D00540539 /* che_define.h */; };
		909E11421754454D00540539 /* che_graphics.h in Headers */ = {isa = PBXBuildFile; fileRef = 909E113C1754454D00540539 /* che_graphics.h */; };
		909E11431754454D00540539 /* che_string.h in Headers */ = {isa = PBXBuildFile; fileRef = 909E113D1754454D00540539 /* che_string.h */; };
		909E114C1754468D00540539 /* che_crypt_aes.h in Headers */ = {isa = PBXBuildFile; fileRef = 909E114A1754468D00540539 /* che_crypt_aes.h */; };
		909E114D1754468D00540539 /* che_crypt_rc4.h in Headers */ = {isa = PBXBuildFile; fileRef = 909E114B1754468D00540539 /* che_crypt_rc4.h */; };
		909E114F175446BB00540539 /* che_hash_md5.h in Headers */ = {isa = PBXBuildFile; fileRef = 909E114E175446BB00540539 /* che_hash_md5.h */; };
		909E1152175446CD00540539 /* che_crypt_aes.cpp in Sources */ = {isa = PBXBuildFile; fileRef = 909E1150175446CD00540539 /* che_crypt_aes.cpp */; };
		909E1153175446CD00540539 /* che_crypt_rc4.cpp in Sources */ = {isa = PBXBuildFile; fileRef = 909E1151175446CD00540539 /* che_crypt_rc4.cpp */; };
		909E1155175446DE00540539 /* che_hash_md5.cpp in Sources */ = {isa = PBXBuildFile; fileRef = 909E1154175446DE00540539 /* che_hash_md5.cpp */; };
		909E1161175447D700540539 /* che_pdf_collector.cpp in Sources */ = {isa = PBXBuildFile; fileRef = 909E1158175447D700540539 /* che_pdf_collector.cpp */; };
		909E1162175447D700540539 /* che_pdf_creator.cpp in Sources */ = {isa = PBXBuildFile; fileRef = 909E1159175447D700540539 /* che_pdf_creator.cpp */; };
		909E1163175447D700540539 /* che_pdf_encrypt.cpp in Sources */ = {isa = PBXBuildFile; fileRef = 909E115A175447D700540539 /* che_pdf_encrypt.cpp */; };
		909E1164175447D700540539 /* che_pdf_file.cpp in Sources */ = {isa = PBXBuildFile; fileRef = 909E115B175447D700540539 /* che_pdf_file.cpp */; };
		909E1165175447D700540539 /* che_pdf_filter.cpp in Sources */ = {isa = PBXBuildFile; fileRef = 909E115C175447D700540539 /* che_pdf_filter.cpp */; };
		909E1166175447D700540539 /* che_pdf_objects.cpp in Sources */ = {isa = PBXBuildFile; fileRef = 909E115D175447D700540539 /* che_pdf_objects.cpp */; };
		909E1167175447D700540539 /* che_pdf_pages.cpp in Sources */ = {isa = PBXBuildFile; fileRef = 909E115E175447D700540539 /* che_pdf_pages.cpp */; };
		909E1168175447D700540539 /* che_pdf_parser.cpp in Sources */ = {isa = PBXBuildFile; fileRef = 909E115F175447D700540539 /* che_pdf_parser.cpp */; };
		909E1169175447D700540539 /* che_pdf_xref.cpp in Sources */ = {isa = PBXBuildFile; fileRef = 909E1160175447D700540539 /* che_pdf_xref.cpp */; };
		909E1173175447F900540539 /* che_pdf_collector.h in Headers */ = {isa = PBXBuildFile; fileRef = 909E116A175447F900540539 /* che_pdf_collector.h */; };
		909E1174175447F900540539 /* che_pdf_creator.h in Headers */ = {isa = PBXBuildFile; fileRef = 909E116B175447F900540539 /* che_pdf_creator.h */; };
		909E1175175447F900540539 /* che_pdf_encrypt.h in Headers */ = {isa = PBXBuildFile; fileRef = 909E116C175447F900540539 /* che_pdf_encrypt.h */; };
		909E1176175447F900540539 /* che_pdf_file.h in Headers */ = {isa = PBXBuildFile; fileRef = 909E116D175447F900540539 /* che_pdf_file.h */; };
		909E1177175447F900540539 /* che_pdf_filter.h in Headers */ = {isa = PBXBuildFile; fileRef = 909E116E175447F900540539 /* che_pdf_filter.h */; };
		909E1178175447F900540539 /* che_pdf_objects.h in Headers */ = {isa = PBXBuildFile; fileRef = 909E116F175447F900540539 /* che_pdf_objects.h */; };
		909E1179175447F900540539 /* che_pdf_pages.h in Headers */ = {isa = PBXBuildFile; fileRef = 909E1170175447F900540539 /* che_pdf_pages.h */; };
		909E117A175447F900540539 /* che_pdf_parser.h in Headers */ = {isa = PBXBuildFile; fileRef = 909E1171175447F900540539 /* che_pdf_parser.h */; };
		909E117B175447F900540539 /* che_pdf_xref.h in Headers */ = {isa = PBXBuildFile; fileRef = 909E1172175447F900540539 /* che_pdf_xref.h */; };
		909E11931754532800540539 /* adler32.c in Sources */ = {isa = PBXBuildFile; fileRef = 909E117E1754532800540539 /* adler32.c */; };
		909E11941754532800540539 /* compress.c in Sources */ = {isa = PBXBuildFile; fileRef = 909E117F1754532800540539 /* compress.c */; };
		909E11951754532800540539 /* crc32.c in Sources */ = {isa = PBXBuildFile; fileRef = 909E11801754532800540539 /* crc32.c */; };
		909E11961754532800540539 /* crc32.h in Headers */ = {isa = PBXBuildFile; fileRef = 909E11811754532800540539 /* crc32.h */; };
		909E11971754532800540539 /* deflate.c in Sources */ = {isa = PBXBuildFile; fileRef = 909E11821754532800540539 /* deflate.c */; };
		909E11981754532800540539 /* deflate.h in Headers */ = {isa = PBXBuildFile; fileRef = 909E11831754532800540539 /* deflate.h */; };
		909E11991754532800540539 /* gzguts.h in Headers */ = {isa = PBXBuildFile; fileRef = 909E11841754532800540539 /* gzguts.h */; };
		909E119A1754532800540539 /* inffast.c in Sources */ = {isa = PBXBuildFile; fileRef = 909E11851754532800540539 /* inffast.c */; };
		909E119B1754532800540539 /* inffast.h in Headers */ = {isa = PBXBuildFile; fileRef = 909E11861754532800540539 /* inffast.h */; };
		909E119C1754532800540539 /* inffixed.h in Headers */ = {isa = PBXBuildFile; fileRef = 909E11871754532800540539 /* inffixed.h */; };
		909E119D1754532800540539 /* inflate.c in Sources */ = {isa = PBXBuildFile; fileRef = 909E11881754532800540539 /* inflate.c */; };
		909E119E1754532800540539 /* inflate.h in Headers */ = {isa = PBXBuildFile; fileRef = 909E11891754532800540539 /* inflate.h */; };
		909E119F1754532800540539 /* inftrees.c in Sources */ = {isa = PBXBuildFile; fileRef = 909E118A1754532800540539 /* inftrees.c */; };
		909E11A01754532800540539 /* inftrees.h in Headers */ = {isa = PBXBuildFile; fileRef = 909E118B1754532800540539 /* inftrees.h */; };
		909E11A11754532800540539 /* trees.c in Sources */ = {isa = PBXBuildFile; fileRef = 909E118C1754532800540539 /* trees.c */; };
		909E11A21754532800540539 /* trees.h in Headers */ = {isa = PBXBuildFile; fileRef = 909E118D1754532800540539 /* trees.h */; };
		909E11A31754532800540539 /* uncompr.c in Sources */ = {isa = PBXBuildFile; fileRef = 909E118E1754532800540539 /* uncompr.c */; };
		909E11A41754532800540539 /* zconf.h in Headers */ = {isa = PBXBuildFile; fileRef = 909E118F1754532800540539 /* zconf.h */; };
		909E11A51754532800540539 /* zlib.h in Headers */ = {isa = PBXBuildFile; fileRef = 909E11901754532800540539 /* zlib.h */; };
		909E11A61754532800540539 /* zutil.c in Sources */ = {isa = PBXBuildFile; fileRef = 909E11911754532800540539 /* zutil.c */; };
		909E11A71754532800540539 /* zutil.h in Headers */ = {isa = PBXBuildFile; fileRef = 909E11921754532800540539 /* zutil.h */; };
		909E120617545BA700540539 /* main.cpp in Sources */ = {isa = PBXBuildFile; fileRef = 909E120517545BA700540539 /* main.cpp */; };
		909E120817545BA700540539 /* pdfFileTest.1 in CopyFiles */ = {isa = PBXBuildFile; fileRef = 909E120717545BA700540539 /* pdfFileTest.1 */; };
		909E120C17545BB000540539 /* libchelib.a in Frameworks */ = {isa = PBXBuildFile; fileRef = 90C37C8E17534E58005D9C8A /* libchelib.a */; };
		909E121217546C3700540539 /* cff.c in Sources */ = {isa = PBXBuildFile; fileRef = 909E121117546C3700540539 /* cff.c */; };
		909E121417546C4700540539 /* type1cid.c in Sources */ = {isa = PBXBuildFile; fileRef = 909E121317546C4700540539 /* type1cid.c */; };
		909E121617546C6700540539 /* psaux.c in Sources */ = {isa = PBXBuildFile; fileRef = 909E121517546C6700540539 /* psaux.c */; };
		909E121817546C7F00540539 /* pshinter.c in Sources */ = {isa = PBXBuildFile; fileRef = 909E121717546C7F00540539 /* pshinter.c */; };
		909E121A17546C9100540539 /* psnames.c in Sources */ = {isa = PBXBuildFile; fileRef = 909E121917546C9100540539 /* psnames.c */; };
		909E121C17546C9E00540539 /* raster.c in Sources */ = {isa = PBXBuildFile; fileRef = 909E121B17546C9E00540539 /* raster.c */; };
		909E121E17546CA900540539 /* sfnt.c in Sources */ = {isa = PBXBuildFile; fileRef = 909E121D17546CA900540539 /* sfnt.c */; };
		909E122017546CB700540539 /* smooth.c in Sources */ = {isa = PBXBuildFile; fileRef = 909E121F17546CB700540539 /* smooth.c */; };
		909E122217546CC500540539 /* truetype.c in Sources */ = {isa = PBXBuildFile; fileRef = 909E122117546CC500540539 /* truetype.c */; };
		909E122417546CD400540539 /* type1.c in Sources */ = {isa = PBXBuildFile; fileRef = 909E122317546CD400540539 /* type1.c */; };
		909E123117546D0700540539 /* ftbase.c in Sources */ = {isa = PBXBuildFile; fileRef = 909E122517546D0700540539 /* ftbase.c */; };
		909E123217546D0700540539 /* ftbbox.c in Sources */ = {isa = PBXBuildFile; fileRef = 909E122617546D0700540539 /* ftbbox.c */; };
		909E123317546D0700540539 /* ftbitmap.c in Sources */ = {isa = PBXBuildFile; fileRef = 909E122717546D0700540539 /* ftbitmap.c */; };
		909E123417546D0700540539 /* ftgasp.c in Sources */ = {isa = PBXBuildFile; fileRef = 909E122817546D0700540539 /* ftgasp.c */; };
		909E123517546D0700540539 /* ftinit.c in Sources */ = {isa = PBXBuildFile; fileRef = 909E122917546D0700540539 /* ftinit.c */; };
		909E123817546D0700540539 /* ftstroke.c in Sources */ = {isa = PBXBuildFile; fileRef = 909E122C17546D0700540539 /* ftstroke.c */; };
		909E123917546D0700540539 /* ftsystem.c in Sources */ = {isa = PBXBuildFile; fileRef = 909E122D17546D0700540539 /* ftsystem.c */; };
		909E123C17546D0700540539 /* ftxf86.c in Sources */ = {isa = PBXBuildFile; fileRef = 909E123017546D0700540539 /* ftxf86.c */; };
		909E123F17546D8600540539 /* ftglyph.c in Sources */ = {isa = PBXBuildFile; fileRef = 909E123D17546D8500540539 /* ftglyph.c */; };
		909E124017546D8600540539 /* ftsynth.c in Sources */ = {isa = PBXBuildFile; fileRef = 909E123E17546D8500540539 /* ftsynth.c */; };
		909E124217547FE200540539 /* fttype1.c in Sources */ = {isa = PBXBuildFile; fileRef = 909E124117547FE100540539 /* fttype1.c */; };
		909E12441754829000540539 /* autofit.c in Sources */ = {isa = PBXBuildFile; fileRef = 909E12431754829000540539 /* autofit.c */; };
		909E1246175482A000540539 /* bdf.c in Sources */ = {isa = PBXBuildFile; fileRef = 909E1245175482A000540539 /* bdf.c */; };
		909E1248175482AD00540539 /* ftbzip2.c in Sources */ = {isa = PBXBuildFile; fileRef = 909E1247175482AD00540539 /* ftbzip2.c */; };
		909E124A1754830E00540539 /* ftgzip.c in Sources */ = {isa = PBXBuildFile; fileRef = 909E12491754830E00540539 /* ftgzip.c */; };
		909E124C1754831B00540539 /* ftlzw.c in Sources */ = {isa = PBXBuildFile; fileRef = 909E124B1754831B00540539 /* ftlzw.c */; };
		909E124E1754832C00540539 /* pcf.c in Sources */ = {isa = PBXBuildFile; fileRef = 909E124D1754832C00540539 /* pcf.c */; };
		909E12501754833800540539 /* pfr.c in Sources */ = {isa = PBXBuildFile; fileRef = 909E124F1754833800540539 /* pfr.c */; };
		909E12521754834700540539 /* type42.c in Sources */ = {isa = PBXBuildFile; fileRef = 909E12511754834700540539 /* type42.c */; };
		909E12541754835300540539 /* winfnt.c in Sources */ = {isa = PBXBuildFile; fileRef = 909E12531754835300540539 /* winfnt.c */; };
		90A01AE51754EC43009DCBD9 /* che_pdf_cmap_res.h in Headers */ = {isa = PBXBuildFile; fileRef = 90A01ACF1754EC43009DCBD9 /* che_pdf_cmap_res.h */; };
		90A01AE61754EC43009DCBD9 /* che_pdf_cmap.h in Headers */ = {isa = PBXBuildFile; fileRef = 90A01AD01754EC43009DCBD9 /* che_pdf_cmap.h */; };
		90A01AE71754EC43009DCBD9 /* che_pdf_colorspace.h in Headers */ = {isa = PBXBuildFile; fileRef = 90A01AD11754EC43009DCBD9 /* che_pdf_colorspace.h */; };
		90A01AE81754EC43009DCBD9 /* che_pdf_contentbuilder.h in Headers */ = {isa = PBXBuildFile; fileRef = 90A01AD21754EC43009DCBD9 /* che_pdf_contentbuilder.h */; };
		90A01AE91754EC43009DCBD9 /* che_pdf_contentobjs.h in Headers */ = {isa = PBXBuildFile; fileRef = 90A01AD31754EC43009DCBD9 /* che_pdf_contentobjs.h */; };
		90A01AEA1754EC43009DCBD9 /* che_pdf_contentresmgr.h in Headers */ = {isa = PBXBuildFile; fileRef = 90A01AD41754EC43009DCBD9 /* che_pdf_contentresmgr.h */; };
		90A01AEB1754EC43009DCBD9 /* che_pdf_contents.h in Headers */ = {isa = PBXBuildFile; fileRef = 90A01AD51754EC43009DCBD9 /* che_pdf_contents.h */; };
		90A01AEC1754EC43009DCBD9 /* che_pdf_contentstring.h in Headers */ = {isa = PBXBuildFile; fileRef = 90A01AD61754EC43009DCBD9 /* che_pdf_contentstring.h */; };
		90A01AED1754EC43009DCBD9 /* che_pdf_destination.h in Headers */ = {isa = PBXBuildFile; fileRef = 90A01AD71754EC43009DCBD9 /* che_pdf_destination.h */; };
		90A01AEE1754EC43009DCBD9 /* che_pdf_document.h in Headers */ = {isa = PBXBuildFile; fileRef = 90A01AD81754EC43009DCBD9 /* che_pdf_document.h */; };
		90A01AEF1754EC43009DCBD9 /* che_pdf_font.h in Headers */ = {isa = PBXBuildFile; fileRef = 90A01AD91754EC43009DCBD9 /* che_pdf_font.h */; };
		90A01AF01754EC43009DCBD9 /* che_pdf_fontmgr.h in Headers */ = {isa = PBXBuildFile; fileRef = 90A01ADA1754EC43009DCBD9 /* che_pdf_fontmgr.h */; };
		90A01AF11754EC43009DCBD9 /* che_pdf_graphics.h in Headers */ = {isa = PBXBuildFile; fileRef = 90A01ADB1754EC43009DCBD9 /* che_pdf_graphics.h */; };
		90A01AF21754EC43009DCBD9 /* che_pdf_graphicsstate.h in Headers */ = {isa = PBXBuildFile; fileRef = 90A01ADC1754EC43009DCBD9 /* che_pdf_graphicsstate.h */; };
		90A01AF31754EC43009DCBD9 /* che_pdf_image.h in Headers */ = {isa = PBXBuildFile; fileRef = 90A01ADD1754EC43009DCBD9 /* che_pdf_image.h */; };
		90A01AF41754EC43009DCBD9 /* che_pdf_objclone.h in Headers */ = {isa = PBXBuildFile; fileRef = 90A01ADE1754EC43009DCBD9 /* che_pdf_objclone.h */; };
		90A01AF51754EC43009DCBD9 /* che_pdf_objectstring.h in Headers */ = {isa = PBXBuildFile; fileRef = 90A01ADF1754EC43009DCBD9 /* che_pdf_objectstring.h */; };
		90A01AF61754EC43009DCBD9 /* che_pdf_outline.h in Headers */ = {isa = PBXBuildFile; fileRef = 90A01AE01754EC43009DCBD9 /* che_pdf_outline.h */; };
		90A01B0A1754EC65009DCBD9 /* che_pdf_cmap.cpp in Sources */ = {isa = PBXBuildFile; fileRef = 90A01AF71754EC65009DCBD9 /* che_pdf_cmap.cpp */; };
		90A01B0B1754EC65009DCBD9 /* che_pdf_colorspace.cpp in Sources */ = {isa = PBXBuildFile; fileRef = 90A01AF81754EC65009DCBD9 /* che_pdf_colorspace.cpp */; };
		90A01B0C1754EC65009DCBD9 /* che_pdf_contentbuilder.cpp in Sources */ = {isa = PBXBuildFile; fileRef = 90A01AF91754EC65009DCBD9 /* che_pdf_contentbuilder.cpp */; };
		90A01B0D1754EC65009DCBD9 /* che_pdf_contentobjs.cpp in Sources */ = {isa = PBXBuildFile; fileRef = 90A01AFA1754EC65009DCBD9 /* che_pdf_contentobjs.cpp */; };
		90A01B0E1754EC65009DCBD9 /* che_pdf_contentresmgr.cpp in Sources */ = {isa = PBXBuildFile; fileRef = 90A01AFB1754EC65009DCBD9 /* che_pdf_contentresmgr.cpp */; };
		90A01B0F1754EC65009DCBD9 /* che_pdf_contents.cpp in Sources */ = {isa = PBXBuildFile; fileRef = 90A01AFC1754EC65009DCBD9 /* che_pdf_contents.cpp */; };
		90A01B101754EC65009DCBD9 /* che_pdf_contentstring.cpp in Sources */ = {isa = PBXBuildFile; fileRef = 90A01AFD1754EC65009DCBD9 /* che_pdf_contentstring.cpp */; };
		90A01B111754EC65009DCBD9 /* che_pdf_destination.cpp in Sources */ = {isa = PBXBuildFile; fileRef = 90A01AFE1754EC65009DCBD9 /* che_pdf_destination.cpp */; };
		90A01B121754EC65009DCBD9 /* che_pdf_document.cpp in Sources */ = {isa = PBXBuildFile; fileRef = 90A01AFF1754EC65009DCBD9 /* che_pdf_document.cpp */; };
		90A01B131754EC65009DCBD9 /* che_pdf_font_type1base14.cpp in Sources */ = {isa = PBXBuildFile; fileRef = 90A01B001754EC65009DCBD9 /* che_pdf_font_type1base14.cpp */; };
		90A01B141754EC65009DCBD9 /* che_pdf_font.cpp in Sources */ = {isa = PBXBuildFile; fileRef = 90A01B011754EC65009DCBD9 /* che_pdf_font.cpp */; };
		90A01B151754EC65009DCBD9 /* che_pdf_fontmgr.cpp in Sources */ = {isa = PBXBuildFile; fileRef = 90A01B021754EC65009DCBD9 /* che_pdf_fontmgr.cpp */; };
		90A01B161754EC65009DCBD9 /* che_pdf_graphics.cpp in Sources */ = {isa = PBXBuildFile; fileRef = 90A01B031754EC65009DCBD9 /* che_pdf_graphics.cpp */; };
		90A01B171754EC65009DCBD9 /* che_pdf_graphicsstate.cpp in Sources */ = {isa = PBXBuildFile; fileRef = 90A01B041754EC65009DCBD9 /* che_pdf_graphicsstate.cpp */; };
		90A01B181754EC65009DCBD9 /* che_pdf_image.cpp in Sources */ = {isa = PBXBuildFile; fileRef = 90A01B051754EC65009DCBD9 /* che_pdf_image.cpp */; };
		90A01B1A1754EC65009DCBD9 /* che_pdf_objclone.cpp in Sources */ = {isa = PBXBuildFile; fileRef = 90A01B071754EC65009DCBD9 /* che_pdf_objclone.cpp */; };
		90A01B1B1754EC65009DCBD9 /* che_pdf_objectstring.cpp in Sources */ = {isa = PBXBuildFile; fileRef = 90A01B081754EC65009DCBD9 /* che_pdf_objectstring.cpp */; };
		90A01B1C1754EC65009DCBD9 /* che_pdf_outline.cpp in Sources */ = {isa = PBXBuildFile; fileRef = 90A01B091754EC65009DCBD9 /* che_pdf_outline.cpp */; };
		90C5370617587CEF0014AC65 /* che_pdf_renderer_macosx.h in Headers */ = {isa = PBXBuildFile; fileRef = 90C5370517587CEF0014AC65 /* che_pdf_renderer_macosx.h */; };
		90C5370817587D450014AC65 /* che_pdf_renderer_macosx.cpp in Sources */ = {isa = PBXBuildFile; fileRef = 90C5370717587D450014AC65 /* che_pdf_renderer_macosx.cpp */; };
		90C5370A17587E990014AC65 /* che_platform_font.cpp in Sources */ = {isa = PBXBuildFile; fileRef = 90C5370917587E990014AC65 /* che_platform_font.cpp */; };
		90C5373B17587FF20014AC65 /* Cocoa.framework in Frameworks */ = {isa = PBXBuildFile; fileRef = 90C5373A17587FF20014AC65 /* Cocoa.framework */; };
		90C5374517587FF20014AC65 /* InfoPlist.strings in Resources */ = {isa = PBXBuildFile; fileRef = 90C5374317587FF20014AC65 /* InfoPlist.strings */; };
		90C5374717587FF20014AC65 /* main.m in Sources */ = {isa = PBXBuildFile; fileRef = 90C5374617587FF20014AC65 /* main.m */; };
		90C5374B17587FF20014AC65 /* Credits.rtf in Resources */ = {isa = PBXBuildFile; fileRef = 90C5374917587FF20014AC65 /* Credits.rtf */; };
		90C5374E17587FF20014AC65 /* AppDelegate.m in Sources */ = {isa = PBXBuildFile; fileRef = 90C5374D17587FF20014AC65 /* AppDelegate.m */; };
		90C5375117587FF20014AC65 /* MainMenu.xib in Resources */ = {isa = PBXBuildFile; fileRef = 90C5374F17587FF20014AC65 /* MainMenu.xib */; };
		90C5375C175881B40014AC65 /* main.cpp in Sources */ = {isa = PBXBuildFile; fileRef = 90C5375B175881B40014AC65 /* main.cpp */; };
		90C5375E175881B40014AC65 /* pdfDocumentTest.1 in CopyFiles */ = {isa = PBXBuildFile; fileRef = 90C5375D175881B40014AC65 /* pdfDocumentTest.1 */; };
		90C53766175887B00014AC65 /* ApplicationServices.framework in Frameworks */ = {isa = PBXBuildFile; fileRef = 90C53765175887B00014AC65 /* ApplicationServices.framework */; };
		90C537691758975B0014AC65 /* CustomView.m in Sources */ = {isa = PBXBuildFile; fileRef = 90C537681758975B0014AC65 /* CustomView.m */; };
		90C5376B1758A37D0014AC65 /* libchelib.a in Frameworks */ = {isa = PBXBuildFile; fileRef = 90C37C8E17534E58005D9C8A /* libchelib.a */; };
/* End PBXBuildFile section */

/* Begin PBXContainerItemProxy section */
		90C5376C1758A3860014AC65 /* PBXContainerItemProxy */ = {
			isa = PBXContainerItemProxy;
			containerPortal = 90C37C8617534E58005D9C8A /* Project object */;
			proxyType = 1;
			remoteGlobalIDString = 90C37C8D17534E58005D9C8A;
			remoteInfo = chelib;
		};
/* End PBXContainerItemProxy section */

/* Begin PBXCopyFilesBuildPhase section */
		909E120117545BA700540539 /* CopyFiles */ = {
			isa = PBXCopyFilesBuildPhase;
			buildActionMask = 2147483647;
			dstPath = /usr/share/man/man1/;
			dstSubfolderSpec = 0;
			files = (
				909E120817545BA700540539 /* pdfFileTest.1 in CopyFiles */,
			);
			runOnlyForDeploymentPostprocessing = 1;
		};
		90C53757175881B40014AC65 /* CopyFiles */ = {
			isa = PBXCopyFilesBuildPhase;
			buildActionMask = 2147483647;
			dstPath = /usr/share/man/man1/;
			dstSubfolderSpec = 0;
			files = (
				90C5375E175881B40014AC65 /* pdfDocumentTest.1 in CopyFiles */,
			);
			runOnlyForDeploymentPostprocessing = 1;
		};
/* End PBXCopyFilesBuildPhase section */

/* Begin PBXFileReference section */
		909D97B6175745F70030BD7E /* che_drawer_macosx.h */ = {isa = PBXFileReference; fileEncoding = 4; lastKnownFileType = sourcecode.c.h; name = che_drawer_macosx.h; path = ../../include/che_drawer_macosx.h; sourceTree = "<group>"; };
		909D97B8175746250030BD7E /* che_drawer_macosx.cpp */ = {isa = PBXFileReference; fileEncoding = 4; lastKnownFileType = sourcecode.cpp.cpp; name = che_drawer_macosx.cpp; path = ../../src/che_drawer_macosx.cpp; sourceTree = "<group>"; };
		909E112E1754453600540539 /* che_base.cpp */ = {isa = PBXFileReference; fileEncoding = 4; lastKnownFileType = sourcecode.cpp.cpp; name = che_base.cpp; path = ../../src/che_base.cpp; sourceTree = "<group>"; };
		909E112F1754453600540539 /* che_bitmap.cpp */ = {isa = PBXFileReference; fileEncoding = 4; lastKnownFileType = sourcecode.cpp.cpp; name = che_bitmap.cpp; path = ../../src/che_bitmap.cpp; sourceTree = "<group>"; };
		909E11301754453600540539 /* che_datastructure.cpp */ = {isa = PBXFileReference; fileEncoding = 4; lastKnownFileType = sourcecode.cpp.cpp; name = che_datastructure.cpp; path = ../../src/che_datastructure.cpp; sourceTree = "<group>"; };
		909E11311754453600540539 /* che_graphics.cpp */ = {isa = PBXFileReference; fileEncoding = 4; lastKnownFileType = sourcecode.cpp.cpp; name = che_graphics.cpp; path = ../../src/che_graphics.cpp; sourceTree = "<group>"; };
		909E11321754453600540539 /* che_string.cpp */ = {isa = PBXFileReference; fileEncoding = 4; lastKnownFileType = sourcecode.cpp.cpp; name = che_string.cpp; path = ../../src/che_string.cpp; sourceTree = "<group>"; };
		909E11381754454D00540539 /* che_base.h */ = {isa = PBXFileReference; fileEncoding = 4; lastKnownFileType = sourcecode.c.h; name = che_base.h; path = ../../include/che_base.h; sourceTree = "<group>"; };
		909E11391754454D00540539 /* che_bitmap.h */ = {isa = PBXFileReference; fileEncoding = 4; lastKnownFileType = sourcecode.c.h; name = che_bitmap.h; path = ../../include/che_bitmap.h; sourceTree = "<group>"; };
		909E113A1754454D00540539 /* che_datastructure.h */ = {isa = PBXFileReference; fileEncoding = 4; lastKnownFileType = sourcecode.c.h; name = che_datastructure.h; path = ../../include/che_datastructure.h; sourceTree = "<group>"; };
		909E113B1754454D00540539 /* che_define.h */ = {isa = PBXFileReference; fileEncoding = 4; lastKnownFileType = sourcecode.c.h; name = che_define.h; path = ../../include/che_define.h; sourceTree = "<group>"; };
		909E113C1754454D00540539 /* che_graphics.h */ = {isa = PBXFileReference; fileEncoding = 4; lastKnownFileType = sourcecode.c.h; name = che_graphics.h; path = ../../include/che_graphics.h; sourceTree = "<group>"; };
		909E113D1754454D00540539 /* che_string.h */ = {isa = PBXFileReference; fileEncoding = 4; lastKnownFileType = sourcecode.c.h; name = che_string.h; path = ../../include/che_string.h; sourceTree = "<group>"; };
		909E114A1754468D00540539 /* che_crypt_aes.h */ = {isa = PBXFileReference; fileEncoding = 4; lastKnownFileType = sourcecode.c.h; name = che_crypt_aes.h; path = ../../include/crypt/che_crypt_aes.h; sourceTree = "<group>"; };
		909E114B1754468D00540539 /* che_crypt_rc4.h */ = {isa = PBXFileReference; fileEncoding = 4; lastKnownFileType = sourcecode.c.h; name = che_crypt_rc4.h; path = ../../include/crypt/che_crypt_rc4.h; sourceTree = "<group>"; };
		909E114E175446BB00540539 /* che_hash_md5.h */ = {isa = PBXFileReference; fileEncoding = 4; lastKnownFileType = sourcecode.c.h; name = che_hash_md5.h; path = ../../include/hash/che_hash_md5.h; sourceTree = "<group>"; };
		909E1150175446CD00540539 /* che_crypt_aes.cpp */ = {isa = PBXFileReference; fileEncoding = 4; lastKnownFileType = sourcecode.cpp.cpp; name = che_crypt_aes.cpp; path = ../../src/crypt/che_crypt_aes.cpp; sourceTree = "<group>"; };
		909E1151175446CD00540539 /* che_crypt_rc4.cpp */ = {isa = PBXFileReference; fileEncoding = 4; lastKnownFileType = sourcecode.cpp.cpp; name = che_crypt_rc4.cpp; path = ../../src/crypt/che_crypt_rc4.cpp; sourceTree = "<group>"; };
		909E1154175446DE00540539 /* che_hash_md5.cpp */ = {isa = PBXFileReference; fileEncoding = 4; lastKnownFileType = sourcecode.cpp.cpp; name = che_hash_md5.cpp; path = ../../src/hash/che_hash_md5.cpp; sourceTree = "<group>"; };
		909E1158175447D700540539 /* che_pdf_collector.cpp */ = {isa = PBXFileReference; fileEncoding = 4; lastKnownFileType = sourcecode.cpp.cpp; name = che_pdf_collector.cpp; path = ../../src/pdf/che_pdf_collector.cpp; sourceTree = "<group>"; };
		909E1159175447D700540539 /* che_pdf_creator.cpp */ = {isa = PBXFileReference; fileEncoding = 4; lastKnownFileType = sourcecode.cpp.cpp; name = che_pdf_creator.cpp; path = ../../src/pdf/che_pdf_creator.cpp; sourceTree = "<group>"; };
		909E115A175447D700540539 /* che_pdf_encrypt.cpp */ = {isa = PBXFileReference; fileEncoding = 4; lastKnownFileType = sourcecode.cpp.cpp; name = che_pdf_encrypt.cpp; path = ../../src/pdf/che_pdf_encrypt.cpp; sourceTree = "<group>"; };
		909E115B175447D700540539 /* che_pdf_file.cpp */ = {isa = PBXFileReference; fileEncoding = 4; lastKnownFileType = sourcecode.cpp.cpp; name = che_pdf_file.cpp; path = ../../src/pdf/che_pdf_file.cpp; sourceTree = "<group>"; };
		909E115C175447D700540539 /* che_pdf_filter.cpp */ = {isa = PBXFileReference; fileEncoding = 4; lastKnownFileType = sourcecode.cpp.cpp; name = che_pdf_filter.cpp; path = ../../src/pdf/che_pdf_filter.cpp; sourceTree = "<group>"; };
		909E115D175447D700540539 /* che_pdf_objects.cpp */ = {isa = PBXFileReference; fileEncoding = 4; lastKnownFileType = sourcecode.cpp.cpp; name = che_pdf_objects.cpp; path = ../../src/pdf/che_pdf_objects.cpp; sourceTree = "<group>"; };
		909E115E175447D700540539 /* che_pdf_pages.cpp */ = {isa = PBXFileReference; fileEncoding = 4; lastKnownFileType = sourcecode.cpp.cpp; name = che_pdf_pages.cpp; path = ../../src/pdf/che_pdf_pages.cpp; sourceTree = "<group>"; };
		909E115F175447D700540539 /* che_pdf_parser.cpp */ = {isa = PBXFileReference; fileEncoding = 4; lastKnownFileType = sourcecode.cpp.cpp; name = che_pdf_parser.cpp; path = ../../src/pdf/che_pdf_parser.cpp; sourceTree = "<group>"; };
		909E1160175447D700540539 /* che_pdf_xref.cpp */ = {isa = PBXFileReference; fileEncoding = 4; lastKnownFileType = sourcecode.cpp.cpp; name = che_pdf_xref.cpp; path = ../../src/pdf/che_pdf_xref.cpp; sourceTree = "<group>"; };
		909E116A175447F900540539 /* che_pdf_collector.h */ = {isa = PBXFileReference; fileEncoding = 4; lastKnownFileType = sourcecode.c.h; name = che_pdf_collector.h; path = ../../include/pdf/che_pdf_collector.h; sourceTree = "<group>"; };
		909E116B175447F900540539 /* che_pdf_creator.h */ = {isa = PBXFileReference; fileEncoding = 4; lastKnownFileType = sourcecode.c.h; name = che_pdf_creator.h; path = ../../include/pdf/che_pdf_creator.h; sourceTree = "<group>"; };
		909E116C175447F900540539 /* che_pdf_encrypt.h */ = {isa = PBXFileReference; fileEncoding = 4; lastKnownFileType = sourcecode.c.h; name = che_pdf_encrypt.h; path = ../../include/pdf/che_pdf_encrypt.h; sourceTree = "<group>"; };
		909E116D175447F900540539 /* che_pdf_file.h */ = {isa = PBXFileReference; fileEncoding = 4; lastKnownFileType = sourcecode.c.h; name = che_pdf_file.h; path = ../../include/pdf/che_pdf_file.h; sourceTree = "<group>"; };
		909E116E175447F900540539 /* che_pdf_filter.h */ = {isa = PBXFileReference; fileEncoding = 4; lastKnownFileType = sourcecode.c.h; name = che_pdf_filter.h; path = ../../include/pdf/che_pdf_filter.h; sourceTree = "<group>"; };
		909E116F175447F900540539 /* che_pdf_objects.h */ = {isa = PBXFileReference; fileEncoding = 4; lastKnownFileType = sourcecode.c.h; name = che_pdf_objects.h; path = ../../include/pdf/che_pdf_objects.h; sourceTree = "<group>"; };
		909E1170175447F900540539 /* che_pdf_pages.h */ = {isa = PBXFileReference; fileEncoding = 4; lastKnownFileType = sourcecode.c.h; name = che_pdf_pages.h; path = ../../include/pdf/che_pdf_pages.h; sourceTree = "<group>"; };
		909E1171175447F900540539 /* che_pdf_parser.h */ = {isa = PBXFileReference; fileEncoding = 4; lastKnownFileType = sourcecode.c.h; name = che_pdf_parser.h; path = ../../include/pdf/che_pdf_parser.h; sourceTree = "<group>"; };
		909E1172175447F900540539 /* che_pdf_xref.h */ = {isa = PBXFileReference; fileEncoding = 4; lastKnownFileType = sourcecode.c.h; name = che_pdf_xref.h; path = ../../include/pdf/che_pdf_xref.h; sourceTree = "<group>"; };
		909E117E1754532800540539 /* adler32.c */ = {isa = PBXFileReference; fileEncoding = 4; lastKnownFileType = sourcecode.c.c; name = adler32.c; path = ../../extlib/zlib/adler32.c; sourceTree = "<group>"; };
		909E117F1754532800540539 /* compress.c */ = {isa = PBXFileReference; fileEncoding = 4; lastKnownFileType = sourcecode.c.c; name = compress.c; path = ../../extlib/zlib/compress.c; sourceTree = "<group>"; };
		909E11801754532800540539 /* crc32.c */ = {isa = PBXFileReference; fileEncoding = 4; lastKnownFileType = sourcecode.c.c; name = crc32.c; path = ../../extlib/zlib/crc32.c; sourceTree = "<group>"; };
		909E11811754532800540539 /* crc32.h */ = {isa = PBXFileReference; fileEncoding = 4; lastKnownFileType = sourcecode.c.h; name = crc32.h; path = ../../extlib/zlib/crc32.h; sourceTree = "<group>"; };
		909E11821754532800540539 /* deflate.c */ = {isa = PBXFileReference; fileEncoding = 4; lastKnownFileType = sourcecode.c.c; name = deflate.c; path = ../../extlib/zlib/deflate.c; sourceTree = "<group>"; };
		909E11831754532800540539 /* deflate.h */ = {isa = PBXFileReference; fileEncoding = 4; lastKnownFileType = sourcecode.c.h; name = deflate.h; path = ../../extlib/zlib/deflate.h; sourceTree = "<group>"; };
		909E11841754532800540539 /* gzguts.h */ = {isa = PBXFileReference; fileEncoding = 4; lastKnownFileType = sourcecode.c.h; name = gzguts.h; path = ../../extlib/zlib/gzguts.h; sourceTree = "<group>"; };
		909E11851754532800540539 /* inffast.c */ = {isa = PBXFileReference; fileEncoding = 4; lastKnownFileType = sourcecode.c.c; name = inffast.c; path = ../../extlib/zlib/inffast.c; sourceTree = "<group>"; };
		909E11861754532800540539 /* inffast.h */ = {isa = PBXFileReference; fileEncoding = 4; lastKnownFileType = sourcecode.c.h; name = inffast.h; path = ../../extlib/zlib/inffast.h; sourceTree = "<group>"; };
		909E11871754532800540539 /* inffixed.h */ = {isa = PBXFileReference; fileEncoding = 4; lastKnownFileType = sourcecode.c.h; name = inffixed.h; path = ../../extlib/zlib/inffixed.h; sourceTree = "<group>"; };
		909E11881754532800540539 /* inflate.c */ = {isa = PBXFileReference; fileEncoding = 4; lastKnownFileType = sourcecode.c.c; name = inflate.c; path = ../../extlib/zlib/inflate.c; sourceTree = "<group>"; };
		909E11891754532800540539 /* inflate.h */ = {isa = PBXFileReference; fileEncoding = 4; lastKnownFileType = sourcecode.c.h; name = inflate.h; path = ../../extlib/zlib/inflate.h; sourceTree = "<group>"; };
		909E118A1754532800540539 /* inftrees.c */ = {isa = PBXFileReference; fileEncoding = 4; lastKnownFileType = sourcecode.c.c; name = inftrees.c; path = ../../extlib/zlib/inftrees.c; sourceTree = "<group>"; };
		909E118B1754532800540539 /* inftrees.h */ = {isa = PBXFileReference; fileEncoding = 4; lastKnownFileType = sourcecode.c.h; name = inftrees.h; path = ../../extlib/zlib/inftrees.h; sourceTree = "<group>"; };
		909E118C1754532800540539 /* trees.c */ = {isa = PBXFileReference; fileEncoding = 4; lastKnownFileType = sourcecode.c.c; name = trees.c; path = ../../extlib/zlib/trees.c; sourceTree = "<group>"; };
		909E118D1754532800540539 /* trees.h */ = {isa = PBXFileReference; fileEncoding = 4; lastKnownFileType = sourcecode.c.h; name = trees.h; path = ../../extlib/zlib/trees.h; sourceTree = "<group>"; };
		909E118E1754532800540539 /* uncompr.c */ = {isa = PBXFileReference; fileEncoding = 4; lastKnownFileType = sourcecode.c.c; name = uncompr.c; path = ../../extlib/zlib/uncompr.c; sourceTree = "<group>"; };
		909E118F1754532800540539 /* zconf.h */ = {isa = PBXFileReference; fileEncoding = 4; lastKnownFileType = sourcecode.c.h; name = zconf.h; path = ../../extlib/zlib/zconf.h; sourceTree = "<group>"; };
		909E11901754532800540539 /* zlib.h */ = {isa = PBXFileReference; fileEncoding = 4; lastKnownFileType = sourcecode.c.h; name = zlib.h; path = ../../extlib/zlib/zlib.h; sourceTree = "<group>"; };
		909E11911754532800540539 /* zutil.c */ = {isa = PBXFileReference; fileEncoding = 4; lastKnownFileType = sourcecode.c.c; name = zutil.c; path = ../../extlib/zlib/zutil.c; sourceTree = "<group>"; };
		909E11921754532800540539 /* zutil.h */ = {isa = PBXFileReference; fileEncoding = 4; lastKnownFileType = sourcecode.c.h; name = zutil.h; path = ../../extlib/zlib/zutil.h; sourceTree = "<group>"; };
		909E120317545BA700540539 /* pdfFileTest */ = {isa = PBXFileReference; explicitFileType = "compiled.mach-o.executable"; includeInIndex = 0; path = pdfFileTest; sourceTree = BUILT_PRODUCTS_DIR; };
		909E120517545BA700540539 /* main.cpp */ = {isa = PBXFileReference; lastKnownFileType = sourcecode.cpp.cpp; path = main.cpp; sourceTree = "<group>"; };
		909E120717545BA700540539 /* pdfFileTest.1 */ = {isa = PBXFileReference; lastKnownFileType = text.man; path = pdfFileTest.1; sourceTree = "<group>"; };
		909E121117546C3700540539 /* cff.c */ = {isa = PBXFileReference; fileEncoding = 4; lastKnownFileType = sourcecode.c.c; name = cff.c; path = ../../extlib/freetype/src/cff/cff.c; sourceTree = "<group>"; };
		909E121317546C4700540539 /* type1cid.c */ = {isa = PBXFileReference; fileEncoding = 4; lastKnownFileType = sourcecode.c.c; name = type1cid.c; path = ../../extlib/freetype/src/cid/type1cid.c; sourceTree = "<group>"; };
		909E121517546C6700540539 /* psaux.c */ = {isa = PBXFileReference; fileEncoding = 4; lastKnownFileType = sourcecode.c.c; name = psaux.c; path = ../../extlib/freetype/src/psaux/psaux.c; sourceTree = "<group>"; };
		909E121717546C7F00540539 /* pshinter.c */ = {isa = PBXFileReference; fileEncoding = 4; lastKnownFileType = sourcecode.c.c; name = pshinter.c; path = ../../extlib/freetype/src/pshinter/pshinter.c; sourceTree = "<group>"; };
		909E121917546C9100540539 /* psnames.c */ = {isa = PBXFileReference; fileEncoding = 4; lastKnownFileType = sourcecode.c.c; name = psnames.c; path = ../../extlib/freetype/src/psnames/psnames.c; sourceTree = "<group>"; };
		909E121B17546C9E00540539 /* raster.c */ = {isa = PBXFileReference; fileEncoding = 4; lastKnownFileType = sourcecode.c.c; name = raster.c; path = ../../extlib/freetype/src/raster/raster.c; sourceTree = "<group>"; };
		909E121D17546CA900540539 /* sfnt.c */ = {isa = PBXFileReference; fileEncoding = 4; lastKnownFileType = sourcecode.c.c; name = sfnt.c; path = ../../extlib/freetype/src/sfnt/sfnt.c; sourceTree = "<group>"; };
		909E121F17546CB700540539 /* smooth.c */ = {isa = PBXFileReference; fileEncoding = 4; lastKnownFileType = sourcecode.c.c; name = smooth.c; path = ../../extlib/freetype/src/smooth/smooth.c; sourceTree = "<group>"; };
		909E122117546CC500540539 /* truetype.c */ = {isa = PBXFileReference; fileEncoding = 4; lastKnownFileType = sourcecode.c.c; name = truetype.c; path = ../../extlib/freetype/src/truetype/truetype.c; sourceTree = "<group>"; };
		909E122317546CD400540539 /* type1.c */ = {isa = PBXFileReference; fileEncoding = 4; lastKnownFileType = sourcecode.c.c; name = type1.c; path = ../../extlib/freetype/src/type1/type1.c; sourceTree = "<group>"; };
		909E122517546D0700540539 /* ftbase.c */ = {isa = PBXFileReference; fileEncoding = 4; lastKnownFileType = sourcecode.c.c; name = ftbase.c; path = ../../extlib/freetype/src/base/ftbase.c; sourceTree = "<group>"; };
		909E122617546D0700540539 /* ftbbox.c */ = {isa = PBXFileReference; fileEncoding = 4; lastKnownFileType = sourcecode.c.c; name = ftbbox.c; path = ../../extlib/freetype/src/base/ftbbox.c; sourceTree = "<group>"; };
		909E122717546D0700540539 /* ftbitmap.c */ = {isa = PBXFileReference; fileEncoding = 4; lastKnownFileType = sourcecode.c.c; name = ftbitmap.c; path = ../../extlib/freetype/src/base/ftbitmap.c; sourceTree = "<group>"; };
		909E122817546D0700540539 /* ftgasp.c */ = {isa = PBXFileReference; fileEncoding = 4; lastKnownFileType = sourcecode.c.c; name = ftgasp.c; path = ../../extlib/freetype/src/base/ftgasp.c; sourceTree = "<group>"; };
		909E122917546D0700540539 /* ftinit.c */ = {isa = PBXFileReference; fileEncoding = 4; lastKnownFileType = sourcecode.c.c; name = ftinit.c; path = ../../extlib/freetype/src/base/ftinit.c; sourceTree = "<group>"; };
		909E122C17546D0700540539 /* ftstroke.c */ = {isa = PBXFileReference; fileEncoding = 4; lastKnownFileType = sourcecode.c.c; name = ftstroke.c; path = ../../extlib/freetype/src/base/ftstroke.c; sourceTree = "<group>"; };
		909E122D17546D0700540539 /* ftsystem.c */ = {isa = PBXFileReference; fileEncoding = 4; lastKnownFileType = sourcecode.c.c; name = ftsystem.c; path = ../../extlib/freetype/src/base/ftsystem.c; sourceTree = "<group>"; };
		909E123017546D0700540539 /* ftxf86.c */ = {isa = PBXFileReference; fileEncoding = 4; lastKnownFileType = sourcecode.c.c; name = ftxf86.c; path = ../../extlib/freetype/src/base/ftxf86.c; sourceTree = "<group>"; };
		909E123D17546D8500540539 /* ftglyph.c */ = {isa = PBXFileReference; fileEncoding = 4; lastKnownFileType = sourcecode.c.c; name = ftglyph.c; path = ../../extlib/freetype/src/base/ftglyph.c; sourceTree = "<group>"; };
		909E123E17546D8500540539 /* ftsynth.c */ = {isa = PBXFileReference; fileEncoding = 4; lastKnownFileType = sourcecode.c.c; name = ftsynth.c; path = ../../extlib/freetype/src/base/ftsynth.c; sourceTree = "<group>"; };
		909E124117547FE100540539 /* fttype1.c */ = {isa = PBXFileReference; fileEncoding = 4; lastKnownFileType = sourcecode.c.c; name = fttype1.c; path = ../../extlib/freetype/src/base/fttype1.c; sourceTree = "<group>"; };
		909E12431754829000540539 /* autofit.c */ = {isa = PBXFileReference; fileEncoding = 4; lastKnownFileType = sourcecode.c.c; name = autofit.c; path = ../../extlib/freetype/src/autofit/autofit.c; sourceTree = "<group>"; };
		909E1245175482A000540539 /* bdf.c */ = {isa = PBXFileReference; fileEncoding = 4; lastKnownFileType = sourcecode.c.c; name = bdf.c; path = ../../extlib/freetype/src/bdf/bdf.c; sourceTree = "<group>"; };
		909E1247175482AD00540539 /* ftbzip2.c */ = {isa = PBXFileReference; fileEncoding = 4; lastKnownFileType = sourcecode.c.c; name = ftbzip2.c; path = ../../extlib/freetype/src/bzip2/ftbzip2.c; sourceTree = "<group>"; };
		909E12491754830E00540539 /* ftgzip.c */ = {isa = PBXFileReference; fileEncoding = 4; lastKnownFileType = sourcecode.c.c; name = ftgzip.c; path = ../../extlib/freetype/src/gzip/ftgzip.c; sourceTree = "<group>"; };
		909E124B1754831B00540539 /* ftlzw.c */ = {isa = PBXFileReference; fileEncoding = 4; lastKnownFileType = sourcecode.c.c; name = ftlzw.c; path = ../../extlib/freetype/src/lzw/ftlzw.c; sourceTree = "<group>"; };
		909E124D1754832C00540539 /* pcf.c */ = {isa = PBXFileReference; fileEncoding = 4; lastKnownFileType = sourcecode.c.c; name = pcf.c; path = ../../extlib/freetype/src/pcf/pcf.c; sourceTree = "<group>"; };
		909E124F1754833800540539 /* pfr.c */ = {isa = PBXFileReference; fileEncoding = 4; lastKnownFileType = sourcecode.c.c; name = pfr.c; path = ../../extlib/freetype/src/pfr/pfr.c; sourceTree = "<group>"; };
		909E12511754834700540539 /* type42.c */ = {isa = PBXFileReference; fileEncoding = 4; lastKnownFileType = sourcecode.c.c; name = type42.c; path = ../../extlib/freetype/src/type42/type42.c; sourceTree = "<group>"; };
		909E12531754835300540539 /* winfnt.c */ = {isa = PBXFileReference; fileEncoding = 4; lastKnownFileType = sourcecode.c.c; name = winfnt.c; path = ../../extlib/freetype/src/winfonts/winfnt.c; sourceTree = "<group>"; };
		90A01ACF1754EC43009DCBD9 /* che_pdf_cmap_res.h */ = {isa = PBXFileReference; fileEncoding = 4; lastKnownFileType = sourcecode.c.h; name = che_pdf_cmap_res.h; path = ../../include/pdf/che_pdf_cmap_res.h; sourceTree = "<group>"; };
		90A01AD01754EC43009DCBD9 /* che_pdf_cmap.h */ = {isa = PBXFileReference; fileEncoding = 4; lastKnownFileType = sourcecode.c.h; name = che_pdf_cmap.h; path = ../../include/pdf/che_pdf_cmap.h; sourceTree = "<group>"; };
		90A01AD11754EC43009DCBD9 /* che_pdf_colorspace.h */ = {isa = PBXFileReference; fileEncoding = 4; lastKnownFileType = sourcecode.c.h; name = che_pdf_colorspace.h; path = ../../include/pdf/che_pdf_colorspace.h; sourceTree = "<group>"; };
		90A01AD21754EC43009DCBD9 /* che_pdf_contentbuilder.h */ = {isa = PBXFileReference; fileEncoding = 4; lastKnownFileType = sourcecode.c.h; name = che_pdf_contentbuilder.h; path = ../../include/pdf/che_pdf_contentbuilder.h; sourceTree = "<group>"; };
		90A01AD31754EC43009DCBD9 /* che_pdf_contentobjs.h */ = {isa = PBXFileReference; fileEncoding = 4; lastKnownFileType = sourcecode.c.h; name = che_pdf_contentobjs.h; path = ../../include/pdf/che_pdf_contentobjs.h; sourceTree = "<group>"; };
		90A01AD41754EC43009DCBD9 /* che_pdf_contentresmgr.h */ = {isa = PBXFileReference; fileEncoding = 4; lastKnownFileType = sourcecode.c.h; name = che_pdf_contentresmgr.h; path = ../../include/pdf/che_pdf_contentresmgr.h; sourceTree = "<group>"; };
		90A01AD51754EC43009DCBD9 /* che_pdf_contents.h */ = {isa = PBXFileReference; fileEncoding = 4; lastKnownFileType = sourcecode.c.h; name = che_pdf_contents.h; path = ../../include/pdf/che_pdf_contents.h; sourceTree = "<group>"; };
		90A01AD61754EC43009DCBD9 /* che_pdf_contentstring.h */ = {isa = PBXFileReference; fileEncoding = 4; lastKnownFileType = sourcecode.c.h; name = che_pdf_contentstring.h; path = ../../include/pdf/che_pdf_contentstring.h; sourceTree = "<group>"; };
		90A01AD71754EC43009DCBD9 /* che_pdf_destination.h */ = {isa = PBXFileReference; fileEncoding = 4; lastKnownFileType = sourcecode.c.h; name = che_pdf_destination.h; path = ../../include/pdf/che_pdf_destination.h; sourceTree = "<group>"; };
		90A01AD81754EC43009DCBD9 /* che_pdf_document.h */ = {isa = PBXFileReference; fileEncoding = 4; lastKnownFileType = sourcecode.c.h; name = che_pdf_document.h; path = ../../include/pdf/che_pdf_document.h; sourceTree = "<group>"; };
		90A01AD91754EC43009DCBD9 /* che_pdf_font.h */ = {isa = PBXFileReference; fileEncoding = 4; lastKnownFileType = sourcecode.c.h; name = che_pdf_font.h; path = ../../include/pdf/che_pdf_font.h; sourceTree = "<group>"; };
		90A01ADA1754EC43009DCBD9 /* che_pdf_fontmgr.h */ = {isa = PBXFileReference; fileEncoding = 4; lastKnownFileType = sourcecode.c.h; name = che_pdf_fontmgr.h; path = ../../include/pdf/che_pdf_fontmgr.h; sourceTree = "<group>"; };
		90A01ADB1754EC43009DCBD9 /* che_pdf_graphics.h */ = {isa = PBXFileReference; fileEncoding = 4; lastKnownFileType = sourcecode.c.h; name = che_pdf_graphics.h; path = ../../include/pdf/che_pdf_graphics.h; sourceTree = "<group>"; };
		90A01ADC1754EC43009DCBD9 /* che_pdf_graphicsstate.h */ = {isa = PBXFileReference; fileEncoding = 4; lastKnownFileType = sourcecode.c.h; name = che_pdf_graphicsstate.h; path = ../../include/pdf/che_pdf_graphicsstate.h; sourceTree = "<group>"; };
		90A01ADD1754EC43009DCBD9 /* che_pdf_image.h */ = {isa = PBXFileReference; fileEncoding = 4; lastKnownFileType = sourcecode.c.h; name = che_pdf_image.h; path = ../../include/pdf/che_pdf_image.h; sourceTree = "<group>"; };
		90A01ADE1754EC43009DCBD9 /* che_pdf_objclone.h */ = {isa = PBXFileReference; fileEncoding = 4; lastKnownFileType = sourcecode.c.h; name = che_pdf_objclone.h; path = ../../include/pdf/che_pdf_objclone.h; sourceTree = "<group>"; };
		90A01ADF1754EC43009DCBD9 /* che_pdf_objectstring.h */ = {isa = PBXFileReference; fileEncoding = 4; lastKnownFileType = sourcecode.c.h; name = che_pdf_objectstring.h; path = ../../include/pdf/che_pdf_objectstring.h; sourceTree = "<group>"; };
		90A01AE01754EC43009DCBD9 /* che_pdf_outline.h */ = {isa = PBXFileReference; fileEncoding = 4; lastKnownFileType = sourcecode.c.h; name = che_pdf_outline.h; path = ../../include/pdf/che_pdf_outline.h; sourceTree = "<group>"; };
		90A01AF71754EC65009DCBD9 /* che_pdf_cmap.cpp */ = {isa = PBXFileReference; fileEncoding = 4; lastKnownFileType = sourcecode.cpp.cpp; name = che_pdf_cmap.cpp; path = ../../src/pdf/che_pdf_cmap.cpp; sourceTree = "<group>"; };
		90A01AF81754EC65009DCBD9 /* che_pdf_colorspace.cpp */ = {isa = PBXFileReference; fileEncoding = 4; lastKnownFileType = sourcecode.cpp.cpp; name = che_pdf_colorspace.cpp; path = ../../src/pdf/che_pdf_colorspace.cpp; sourceTree = "<group>"; };
		90A01AF91754EC65009DCBD9 /* che_pdf_contentbuilder.cpp */ = {isa = PBXFileReference; fileEncoding = 4; lastKnownFileType = sourcecode.cpp.cpp; name = che_pdf_contentbuilder.cpp; path = ../../src/pdf/che_pdf_contentbuilder.cpp; sourceTree = "<group>"; };
		90A01AFA1754EC65009DCBD9 /* che_pdf_contentobjs.cpp */ = {isa = PBXFileReference; fileEncoding = 4; lastKnownFileType = sourcecode.cpp.cpp; name = che_pdf_contentobjs.cpp; path = ../../src/pdf/che_pdf_contentobjs.cpp; sourceTree = "<group>"; };
		90A01AFB1754EC65009DCBD9 /* che_pdf_contentresmgr.cpp */ = {isa = PBXFileReference; fileEncoding = 4; lastKnownFileType = sourcecode.cpp.cpp; name = che_pdf_contentresmgr.cpp; path = ../../src/pdf/che_pdf_contentresmgr.cpp; sourceTree = "<group>"; };
		90A01AFC1754EC65009DCBD9 /* che_pdf_contents.cpp */ = {isa = PBXFileReference; fileEncoding = 4; lastKnownFileType = sourcecode.cpp.cpp; name = che_pdf_contents.cpp; path = ../../src/pdf/che_pdf_contents.cpp; sourceTree = "<group>"; };
		90A01AFD1754EC65009DCBD9 /* che_pdf_contentstring.cpp */ = {isa = PBXFileReference; fileEncoding = 4; lastKnownFileType = sourcecode.cpp.cpp; name = che_pdf_contentstring.cpp; path = ../../src/pdf/che_pdf_contentstring.cpp; sourceTree = "<group>"; };
		90A01AFE1754EC65009DCBD9 /* che_pdf_destination.cpp */ = {isa = PBXFileReference; fileEncoding = 4; lastKnownFileType = sourcecode.cpp.cpp; name = che_pdf_destination.cpp; path = ../../src/pdf/che_pdf_destination.cpp; sourceTree = "<group>"; };
		90A01AFF1754EC65009DCBD9 /* che_pdf_document.cpp */ = {isa = PBXFileReference; fileEncoding = 4; lastKnownFileType = sourcecode.cpp.cpp; name = che_pdf_document.cpp; path = ../../src/pdf/che_pdf_document.cpp; sourceTree = "<group>"; };
		90A01B001754EC65009DCBD9 /* che_pdf_font_type1base14.cpp */ = {isa = PBXFileReference; fileEncoding = 4; lastKnownFileType = sourcecode.cpp.cpp; name = che_pdf_font_type1base14.cpp; path = ../../src/pdf/che_pdf_font_type1base14.cpp; sourceTree = "<group>"; };
		90A01B011754EC65009DCBD9 /* che_pdf_font.cpp */ = {isa = PBXFileReference; fileEncoding = 4; lastKnownFileType = sourcecode.cpp.cpp; name = che_pdf_font.cpp; path = ../../src/pdf/che_pdf_font.cpp; sourceTree = "<group>"; };
		90A01B021754EC65009DCBD9 /* che_pdf_fontmgr.cpp */ = {isa = PBXFileReference; fileEncoding = 4; lastKnownFileType = sourcecode.cpp.cpp; name = che_pdf_fontmgr.cpp; path = ../../src/pdf/che_pdf_fontmgr.cpp; sourceTree = "<group>"; };
		90A01B031754EC65009DCBD9 /* che_pdf_graphics.cpp */ = {isa = PBXFileReference; fileEncoding = 4; lastKnownFileType = sourcecode.cpp.cpp; name = che_pdf_graphics.cpp; path = ../../src/pdf/che_pdf_graphics.cpp; sourceTree = "<group>"; };
		90A01B041754EC65009DCBD9 /* che_pdf_graphicsstate.cpp */ = {isa = PBXFileReference; fileEncoding = 4; lastKnownFileType = sourcecode.cpp.cpp; name = che_pdf_graphicsstate.cpp; path = ../../src/pdf/che_pdf_graphicsstate.cpp; sourceTree = "<group>"; };
		90A01B051754EC65009DCBD9 /* che_pdf_image.cpp */ = {isa = PBXFileReference; fileEncoding = 4; lastKnownFileType = sourcecode.cpp.cpp; name = che_pdf_image.cpp; path = ../../src/pdf/che_pdf_image.cpp; sourceTree = "<group>"; };
		90A01B071754EC65009DCBD9 /* che_pdf_objclone.cpp */ = {isa = PBXFileReference; fileEncoding = 4; lastKnownFileType = sourcecode.cpp.cpp; name = che_pdf_objclone.cpp; path = ../../src/pdf/che_pdf_objclone.cpp; sourceTree = "<group>"; };
		90A01B081754EC65009DCBD9 /* che_pdf_objectstring.cpp */ = {isa = PBXFileReference; fileEncoding = 4; lastKnownFileType = sourcecode.cpp.cpp; name = che_pdf_objectstring.cpp; path = ../../src/pdf/che_pdf_objectstring.cpp; sourceTree = "<group>"; };
		90A01B091754EC65009DCBD9 /* che_pdf_outline.cpp */ = {isa = PBXFileReference; fileEncoding = 4; lastKnownFileType = sourcecode.cpp.cpp; name = che_pdf_outline.cpp; path = ../../src/pdf/che_pdf_outline.cpp; sourceTree = "<group>"; };
		90C37C8E17534E58005D9C8A /* libchelib.a */ = {isa = PBXFileReference; explicitFileType = archive.ar; includeInIndex = 0; path = libchelib.a; sourceTree = BUILT_PRODUCTS_DIR; };
		90C5370517587CEF0014AC65 /* che_pdf_renderer_macosx.h */ = {isa = PBXFileReference; fileEncoding = 4; lastKnownFileType = sourcecode.c.h; name = che_pdf_renderer_macosx.h; path = ../../include/pdf/che_pdf_renderer_macosx.h; sourceTree = "<group>"; };
		90C5370717587D450014AC65 /* che_pdf_renderer_macosx.cpp */ = {isa = PBXFileReference; fileEncoding = 4; lastKnownFileType = sourcecode.cpp.cpp; name = che_pdf_renderer_macosx.cpp; path = ../../src/pdf/che_pdf_renderer_macosx.cpp; sourceTree = "<group>"; };
		90C5370917587E990014AC65 /* che_platform_font.cpp */ = {isa = PBXFileReference; fileEncoding = 4; lastKnownFileType = sourcecode.cpp.cpp; name = che_platform_font.cpp; path = ../../src/pdf/platform/osx/che_platform_font.cpp; sourceTree = "<group>"; };
		90C5373817587FF10014AC65 /* pdfRenderTest.app */ = {isa = PBXFileReference; explicitFileType = wrapper.application; includeInIndex = 0; path = pdfRenderTest.app; sourceTree = BUILT_PRODUCTS_DIR; };
		90C5373A17587FF20014AC65 /* Cocoa.framework */ = {isa = PBXFileReference; lastKnownFileType = wrapper.framework; name = Cocoa.framework; path = System/Library/Frameworks/Cocoa.framework; sourceTree = SDKROOT; };
		90C5373D17587FF20014AC65 /* AppKit.framework */ = {isa = PBXFileReference; lastKnownFileType = wrapper.framework; name = AppKit.framework; path = System/Library/Frameworks/AppKit.framework; sourceTree = SDKROOT; };
		90C5373E17587FF20014AC65 /* CoreData.framework */ = {isa = PBXFileReference; lastKnownFileType = wrapper.framework; name = CoreData.framework; path = System/Library/Frameworks/CoreData.framework; sourceTree = SDKROOT; };
		90C5373F17587FF20014AC65 /* Foundation.framework */ = {isa = PBXFileReference; lastKnownFileType = wrapper.framework; name = Foundation.framework; path = System/Library/Frameworks/Foundation.framework; sourceTree = SDKROOT; };
		90C5374217587FF20014AC65 /* pdfRenderTest-Info.plist */ = {isa = PBXFileReference; lastKnownFileType = text.plist.xml; path = "pdfRenderTest-Info.plist"; sourceTree = "<group>"; };
		90C5374417587FF20014AC65 /* en */ = {isa = PBXFileReference; lastKnownFileType = text.plist.strings; name = en; path = en.lproj/InfoPlist.strings; sourceTree = "<group>"; };
		90C5374617587FF20014AC65 /* main.m */ = {isa = PBXFileReference; lastKnownFileType = sourcecode.c.objc; path = main.m; sourceTree = "<group>"; };
		90C5374817587FF20014AC65 /* pdfRenderTest-Prefix.pch */ = {isa = PBXFileReference; lastKnownFileType = sourcecode.c.h; path = "pdfRenderTest-Prefix.pch"; sourceTree = "<group>"; };
		90C5374A17587FF20014AC65 /* en */ = {isa = PBXFileReference; lastKnownFileType = text.rtf; name = en; path = en.lproj/Credits.rtf; sourceTree = "<group>"; };
		90C5374C17587FF20014AC65 /* AppDelegate.h */ = {isa = PBXFileReference; lastKnownFileType = sourcecode.c.h; path = AppDelegate.h; sourceTree = "<group>"; };
		90C5374D17587FF20014AC65 /* AppDelegate.m */ = {isa = PBXFileReference; lastKnownFileType = sourcecode.c.objc; path = AppDelegate.m; sourceTree = "<group>"; };
		90C5375017587FF20014AC65 /* en */ = {isa = PBXFileReference; lastKnownFileType = file.xib; name = en; path = en.lproj/MainMenu.xib; sourceTree = "<group>"; };
		90C53759175881B40014AC65 /* pdfDocumentTest */ = {isa = PBXFileReference; explicitFileType = "compiled.mach-o.executable"; includeInIndex = 0; path = pdfDocumentTest; sourceTree = BUILT_PRODUCTS_DIR; };
		90C5375B175881B40014AC65 /* main.cpp */ = {isa = PBXFileReference; lastKnownFileType = sourcecode.cpp.cpp; path = main.cpp; sourceTree = "<group>"; };
		90C5375D175881B40014AC65 /* pdfDocumentTest.1 */ = {isa = PBXFileReference; lastKnownFileType = text.man; path = pdfDocumentTest.1; sourceTree = "<group>"; };
		90C53763175887670014AC65 /* Quartz.framework */ = {isa = PBXFileReference; lastKnownFileType = wrapper.framework; name = Quartz.framework; path = System/Library/Frameworks/Quartz.framework; sourceTree = SDKROOT; };
		90C53765175887B00014AC65 /* ApplicationServices.framework */ = {isa = PBXFileReference; lastKnownFileType = wrapper.framework; name = ApplicationServices.framework; path = System/Library/Frameworks/ApplicationServices.framework; sourceTree = SDKROOT; };
		90C537671758975B0014AC65 /* CustomView.h */ = {isa = PBXFileReference; fileEncoding = 4; lastKnownFileType = sourcecode.c.h; path = CustomView.h; sourceTree = "<group>"; };
		90C537681758975B0014AC65 /* CustomView.m */ = {isa = PBXFileReference; fileEncoding = 4; lastKnownFileType = sourcecode.c.objc; path = CustomView.m; sourceTree = "<group>"; };
/* End PBXFileReference section */

/* Begin PBXFrameworksBuildPhase section */
		909E120017545BA700540539 /* Frameworks */ = {
			isa = PBXFrameworksBuildPhase;
			buildActionMask = 2147483647;
			files = (
				909E120C17545BB000540539 /* libchelib.a in Frameworks */,
			);
			runOnlyForDeploymentPostprocessing = 0;
		};
		90C37C8B17534E58005D9C8A /* Frameworks */ = {
			isa = PBXFrameworksBuildPhase;
			buildActionMask = 2147483647;
			files = (
			);
			runOnlyForDeploymentPostprocessing = 0;
		};
		90C5373517587FF10014AC65 /* Frameworks */ = {
			isa = PBXFrameworksBuildPhase;
			buildActionMask = 2147483647;
			files = (
				90C5373B17587FF20014AC65 /* Cocoa.framework in Frameworks */,
			);
			runOnlyForDeploymentPostprocessing = 0;
		};
		90C53756175881B40014AC65 /* Frameworks */ = {
			isa = PBXFrameworksBuildPhase;
			buildActionMask = 2147483647;
			files = (
				90C5376B1758A37D0014AC65 /* libchelib.a in Frameworks */,
				90C53766175887B00014AC65 /* ApplicationServices.framework in Frameworks */,
			);
			runOnlyForDeploymentPostprocessing = 0;
		};
/* End PBXFrameworksBuildPhase section */

/* Begin PBXGroup section */
		909E112C17543F8B00540539 /* include */ = {
			isa = PBXGroup;
			children = (
				909E11381754454D00540539 /* che_base.h */,
				909E11391754454D00540539 /* che_bitmap.h */,
				909E113A1754454D00540539 /* che_datastructure.h */,
				909E113B1754454D00540539 /* che_define.h */,
				909D97B6175745F70030BD7E /* che_drawer_macosx.h */,
				909E113C1754454D00540539 /* che_graphics.h */,
				909E113D1754454D00540539 /* che_string.h */,
				909E11451754466400540539 /* crypt */,
				909E11471754466E00540539 /* hash */,
				909E1157175447C600540539 /* pdf */,
			);
			name = include;
			sourceTree = "<group>";
		};
		909E112D17543F9100540539 /* src */ = {
			isa = PBXGroup;
			children = (
				909E112E1754453600540539 /* che_base.cpp */,
				909E112F1754453600540539 /* che_bitmap.cpp */,
				909E11301754453600540539 /* che_datastructure.cpp */,
				909D97B8175746250030BD7E /* che_drawer_macosx.cpp */,
				909E11311754453600540539 /* che_graphics.cpp */,
				909E11321754453600540539 /* che_string.cpp */,
				909E11441754465F00540539 /* crypt */,
				909E11461754466A00540539 /* hash */,
				909E1156175447C200540539 /* pdf */,
			);
			name = src;
			sourceTree = "<group>";
		};
		909E11441754465F00540539 /* crypt */ = {
			isa = PBXGroup;
			children = (
				909E1150175446CD00540539 /* che_crypt_aes.cpp */,
				909E1151175446CD00540539 /* che_crypt_rc4.cpp */,
			);
			name = crypt;
			sourceTree = "<group>";
		};
		909E11451754466400540539 /* crypt */ = {
			isa = PBXGroup;
			children = (
				909E114A1754468D00540539 /* che_crypt_aes.h */,
				909E114B1754468D00540539 /* che_crypt_rc4.h */,
			);
			name = crypt;
			sourceTree = "<group>";
		};
		909E11461754466A00540539 /* hash */ = {
			isa = PBXGroup;
			children = (
				909E1154175446DE00540539 /* che_hash_md5.cpp */,
			);
			name = hash;
			sourceTree = "<group>";
		};
		909E11471754466E00540539 /* hash */ = {
			isa = PBXGroup;
			children = (
				909E114E175446BB00540539 /* che_hash_md5.h */,
			);
			name = hash;
			sourceTree = "<group>";
		};
		909E1156175447C200540539 /* pdf */ = {
			isa = PBXGroup;
			children = (
				90A01AF71754EC65009DCBD9 /* che_pdf_cmap.cpp */,
				909E1158175447D700540539 /* che_pdf_collector.cpp */,
				90A01AF81754EC65009DCBD9 /* che_pdf_colorspace.cpp */,
				90A01AF91754EC65009DCBD9 /* che_pdf_contentbuilder.cpp */,
				90A01AFA1754EC65009DCBD9 /* che_pdf_contentobjs.cpp */,
				90A01AFB1754EC65009DCBD9 /* che_pdf_contentresmgr.cpp */,
				90A01AFC1754EC65009DCBD9 /* che_pdf_contents.cpp */,
				90A01AFD1754EC65009DCBD9 /* che_pdf_contentstring.cpp */,
				909E1159175447D700540539 /* che_pdf_creator.cpp */,
				90A01AFE1754EC65009DCBD9 /* che_pdf_destination.cpp */,
				90A01AFF1754EC65009DCBD9 /* che_pdf_document.cpp */,
				909E115A175447D700540539 /* che_pdf_encrypt.cpp */,
				909E115B175447D700540539 /* che_pdf_file.cpp */,
				909E115C175447D700540539 /* che_pdf_filter.cpp */,
				90A01B011754EC65009DCBD9 /* che_pdf_font.cpp */,
				90A01B001754EC65009DCBD9 /* che_pdf_font_type1base14.cpp */,
				90A01B021754EC65009DCBD9 /* che_pdf_fontmgr.cpp */,
				90A01B031754EC65009DCBD9 /* che_pdf_graphics.cpp */,
				90A01B041754EC65009DCBD9 /* che_pdf_graphicsstate.cpp */,
				90A01B051754EC65009DCBD9 /* che_pdf_image.cpp */,
				90A01B071754EC65009DCBD9 /* che_pdf_objclone.cpp */,
				909E115D175447D700540539 /* che_pdf_objects.cpp */,
				90A01B081754EC65009DCBD9 /* che_pdf_objectstring.cpp */,
				90A01B091754EC65009DCBD9 /* che_pdf_outline.cpp */,
				909E115E175447D700540539 /* che_pdf_pages.cpp */,
				909E115F175447D700540539 /* che_pdf_parser.cpp */,
				90C5370717587D450014AC65 /* che_pdf_renderer_macosx.cpp */,
				909E1160175447D700540539 /* che_pdf_xref.cpp */,
				90C5370917587E990014AC65 /* che_platform_font.cpp */,
			);
			name = pdf;
			sourceTree = "<group>";
		};
		909E1157175447C600540539 /* pdf */ = {
			isa = PBXGroup;
			children = (
				90A01AD01754EC43009DCBD9 /* che_pdf_cmap.h */,
				90A01ACF1754EC43009DCBD9 /* che_pdf_cmap_res.h */,
				909E116A175447F900540539 /* che_pdf_collector.h */,
				90A01AD11754EC43009DCBD9 /* che_pdf_colorspace.h */,
				90A01AD21754EC43009DCBD9 /* che_pdf_contentbuilder.h */,
				90A01AD31754EC43009DCBD9 /* che_pdf_contentobjs.h */,
				90A01AD41754EC43009DCBD9 /* che_pdf_contentresmgr.h */,
				90A01AD51754EC43009DCBD9 /* che_pdf_contents.h */,
				90A01AD61754EC43009DCBD9 /* che_pdf_contentstring.h */,
				909E116B175447F900540539 /* che_pdf_creator.h */,
				90A01AD71754EC43009DCBD9 /* che_pdf_destination.h */,
				90A01AD81754EC43009DCBD9 /* che_pdf_document.h */,
				909E116C175447F900540539 /* che_pdf_encrypt.h */,
				909E116D175447F900540539 /* che_pdf_file.h */,
				909E116E175447F900540539 /* che_pdf_filter.h */,
				90A01AD91754EC43009DCBD9 /* che_pdf_font.h */,
				90A01ADA1754EC43009DCBD9 /* che_pdf_fontmgr.h */,
				90A01ADB1754EC43009DCBD9 /* che_pdf_graphics.h */,
				90A01ADC1754EC43009DCBD9 /* che_pdf_graphicsstate.h */,
				90A01ADD1754EC43009DCBD9 /* che_pdf_image.h */,
				90A01ADE1754EC43009DCBD9 /* che_pdf_objclone.h */,
				909E116F175447F900540539 /* che_pdf_objects.h */,
				90A01ADF1754EC43009DCBD9 /* che_pdf_objectstring.h */,
				90A01AE01754EC43009DCBD9 /* che_pdf_outline.h */,
				909E1170175447F900540539 /* che_pdf_pages.h */,
				909E1171175447F900540539 /* che_pdf_parser.h */,
				90C5370517587CEF0014AC65 /* che_pdf_renderer_macosx.h */,
				909E1172175447F900540539 /* che_pdf_xref.h */,
			);
			name = pdf;
			sourceTree = "<group>";
		};
		909E117C1754530B00540539 /* extlib */ = {
			isa = PBXGroup;
			children = (
				909E120D17545D1B00540539 /* freetype */,
				909E117D1754531200540539 /* zlib */,
			);
			name = extlib;
			sourceTree = "<group>";
		};
		909E117D1754531200540539 /* zlib */ = {
			isa = PBXGroup;
			children = (
				909E117E1754532800540539 /* adler32.c */,
				909E117F1754532800540539 /* compress.c */,
				909E11801754532800540539 /* crc32.c */,
				909E11811754532800540539 /* crc32.h */,
				909E11821754532800540539 /* deflate.c */,
				909E11831754532800540539 /* deflate.h */,
				909E11841754532800540539 /* gzguts.h */,
				909E11851754532800540539 /* inffast.c */,
				909E11861754532800540539 /* inffast.h */,
				909E11871754532800540539 /* inffixed.h */,
				909E11881754532800540539 /* inflate.c */,
				909E11891754532800540539 /* inflate.h */,
				909E118A1754532800540539 /* inftrees.c */,
				909E118B1754532800540539 /* inftrees.h */,
				909E118C1754532800540539 /* trees.c */,
				909E118D1754532800540539 /* trees.h */,
				909E118E1754532800540539 /* uncompr.c */,
				909E118F1754532800540539 /* zconf.h */,
				909E11901754532800540539 /* zlib.h */,
				909E11911754532800540539 /* zutil.c */,
				909E11921754532800540539 /* zutil.h */,
			);
			name = zlib;
			sourceTree = "<group>";
		};
		909E11EF175456A100540539 /* test */ = {
			isa = PBXGroup;
			children = (
				90C5375A175881B40014AC65 /* pdfDocumentTest */,
				90C5374017587FF20014AC65 /* pdfRenderTest */,
				909E120417545BA700540539 /* pdfFileTest */,
			);
			name = test;
			sourceTree = "<group>";
		};
		909E120417545BA700540539 /* pdfFileTest */ = {
			isa = PBXGroup;
			children = (
				909E120517545BA700540539 /* main.cpp */,
				909E120717545BA700540539 /* pdfFileTest.1 */,
			);
			path = pdfFileTest;
			sourceTree = "<group>";
		};
		909E120D17545D1B00540539 /* freetype */ = {
			isa = PBXGroup;
			children = (
				909E120F17546C0800540539 /* src */,
			);
			name = freetype;
			sourceTree = "<group>";
		};
		909E120F17546C0800540539 /* src */ = {
			isa = PBXGroup;
			children = (
				909E12431754829000540539 /* autofit.c */,
				909E1245175482A000540539 /* bdf.c */,
				909E121117546C3700540539 /* cff.c */,
				909E1247175482AD00540539 /* ftbzip2.c */,
				909E12491754830E00540539 /* ftgzip.c */,
				909E124B1754831B00540539 /* ftlzw.c */,
				909E124D1754832C00540539 /* pcf.c */,
				909E124F1754833800540539 /* pfr.c */,
				909E121517546C6700540539 /* psaux.c */,
				909E121717546C7F00540539 /* pshinter.c */,
				909E121917546C9100540539 /* psnames.c */,
				909E121B17546C9E00540539 /* raster.c */,
				909E121D17546CA900540539 /* sfnt.c */,
				909E121F17546CB700540539 /* smooth.c */,
				909E122117546CC500540539 /* truetype.c */,
				909E122317546CD400540539 /* type1.c */,
				909E121317546C4700540539 /* type1cid.c */,
				909E12511754834700540539 /* type42.c */,
				909E12531754835300540539 /* winfnt.c */,
				909E121017546C1A00540539 /* base */,
			);
			name = src;
			sourceTree = "<group>";
		};
		909E121017546C1A00540539 /* base */ = {
			isa = PBXGroup;
			children = (
				909E122517546D0700540539 /* ftbase.c */,
				909E122617546D0700540539 /* ftbbox.c */,
				909E122717546D0700540539 /* ftbitmap.c */,
				909E122817546D0700540539 /* ftgasp.c */,
				909E123D17546D8500540539 /* ftglyph.c */,
				909E122917546D0700540539 /* ftinit.c */,
				909E122C17546D0700540539 /* ftstroke.c */,
				909E123E17546D8500540539 /* ftsynth.c */,
				909E122D17546D0700540539 /* ftsystem.c */,
				909E124117547FE100540539 /* fttype1.c */,
				909E123017546D0700540539 /* ftxf86.c */,
			);
			name = base;
			sourceTree = "<group>";
		};
		90C37C8517534E58005D9C8A = {
			isa = PBXGroup;
			children = (
				909E11EF175456A100540539 /* test */,
				909E117C1754530B00540539 /* extlib */,
				909E112D17543F9100540539 /* src */,
				909E112C17543F8B00540539 /* include */,
				90C5373917587FF20014AC65 /* Frameworks */,
				90C37C8F17534E58005D9C8A /* Products */,
			);
			sourceTree = "<group>";
		};
		90C37C8F17534E58005D9C8A /* Products */ = {
			isa = PBXGroup;
			children = (
				90C37C8E17534E58005D9C8A /* libchelib.a */,
				909E120317545BA700540539 /* pdfFileTest */,
				90C5373817587FF10014AC65 /* pdfRenderTest.app */,
				90C53759175881B40014AC65 /* pdfDocumentTest */,
			);
			name = Products;
			sourceTree = "<group>";
		};
		90C5373917587FF20014AC65 /* Frameworks */ = {
			isa = PBXGroup;
			children = (
				90C53765175887B00014AC65 /* ApplicationServices.framework */,
				90C53763175887670014AC65 /* Quartz.framework */,
				90C5373A17587FF20014AC65 /* Cocoa.framework */,
				90C5373C17587FF20014AC65 /* Other Frameworks */,
			);
			name = Frameworks;
			sourceTree = "<group>";
		};
		90C5373C17587FF20014AC65 /* Other Frameworks */ = {
			isa = PBXGroup;
			children = (
				90C5373D17587FF20014AC65 /* AppKit.framework */,
				90C5373E17587FF20014AC65 /* CoreData.framework */,
				90C5373F17587FF20014AC65 /* Foundation.framework */,
			);
			name = "Other Frameworks";
			sourceTree = "<group>";
		};
		90C5374017587FF20014AC65 /* pdfRenderTest */ = {
			isa = PBXGroup;
			children = (
				90C537671758975B0014AC65 /* CustomView.h */,
				90C537681758975B0014AC65 /* CustomView.m */,
				90C5374C17587FF20014AC65 /* AppDelegate.h */,
				90C5374D17587FF20014AC65 /* AppDelegate.m */,
				90C5374F17587FF20014AC65 /* MainMenu.xib */,
				90C5374117587FF20014AC65 /* Supporting Files */,
			);
			path = pdfRenderTest;
			sourceTree = "<group>";
		};
		90C5374117587FF20014AC65 /* Supporting Files */ = {
			isa = PBXGroup;
			children = (
				90C5374217587FF20014AC65 /* pdfRenderTest-Info.plist */,
				90C5374317587FF20014AC65 /* InfoPlist.strings */,
				90C5374617587FF20014AC65 /* main.m */,
				90C5374817587FF20014AC65 /* pdfRenderTest-Prefix.pch */,
				90C5374917587FF20014AC65 /* Credits.rtf */,
			);
			name = "Supporting Files";
			sourceTree = "<group>";
		};
		90C5375A175881B40014AC65 /* pdfDocumentTest */ = {
			isa = PBXGroup;
			children = (
				90C5375B175881B40014AC65 /* main.cpp */,
				90C5375D175881B40014AC65 /* pdfDocumentTest.1 */,
			);
			path = pdfDocumentTest;
			sourceTree = "<group>";
		};
/* End PBXGroup section */

/* Begin PBXHeadersBuildPhase section */
		90C37C8C17534E58005D9C8A /* Headers */ = {
			isa = PBXHeadersBuildPhase;
			buildActionMask = 2147483647;
			files = (
				909E113E1754454D00540539 /* che_base.h in Headers */,
				909E113F1754454D00540539 /* che_bitmap.h in Headers */,
				909E11401754454D00540539 /* che_datastructure.h in Headers */,
				909E11411754454D00540539 /* che_define.h in Headers */,
				909E11421754454D00540539 /* che_graphics.h in Headers */,
				909E11431754454D00540539 /* che_string.h in Headers */,
				909E114C1754468D00540539 /* che_crypt_aes.h in Headers */,
				909E114D1754468D00540539 /* che_crypt_rc4.h in Headers */,
				909E114F175446BB00540539 /* che_hash_md5.h in Headers */,
				909E1173175447F900540539 /* che_pdf_collector.h in Headers */,
				909E1174175447F900540539 /* che_pdf_creator.h in Headers */,
				909E1175175447F900540539 /* che_pdf_encrypt.h in Headers */,
				909E1176175447F900540539 /* che_pdf_file.h in Headers */,
				909E1177175447F900540539 /* che_pdf_filter.h in Headers */,
				909E1178175447F900540539 /* che_pdf_objects.h in Headers */,
				909E1179175447F900540539 /* che_pdf_pages.h in Headers */,
				909E117A175447F900540539 /* che_pdf_parser.h in Headers */,
				909E117B175447F900540539 /* che_pdf_xref.h in Headers */,
				909E11961754532800540539 /* crc32.h in Headers */,
				909E11981754532800540539 /* deflate.h in Headers */,
				909E11991754532800540539 /* gzguts.h in Headers */,
				909E119B1754532800540539 /* inffast.h in Headers */,
				909E119C1754532800540539 /* inffixed.h in Headers */,
				909E119E1754532800540539 /* inflate.h in Headers */,
				909E11A01754532800540539 /* inftrees.h in Headers */,
				909E11A21754532800540539 /* trees.h in Headers */,
				909E11A41754532800540539 /* zconf.h in Headers */,
				909E11A51754532800540539 /* zlib.h in Headers */,
				909E11A71754532800540539 /* zutil.h in Headers */,
				90A01AE51754EC43009DCBD9 /* che_pdf_cmap_res.h in Headers */,
				90A01AE61754EC43009DCBD9 /* che_pdf_cmap.h in Headers */,
				90A01AE71754EC43009DCBD9 /* che_pdf_colorspace.h in Headers */,
				90A01AE81754EC43009DCBD9 /* che_pdf_contentbuilder.h in Headers */,
				90A01AE91754EC43009DCBD9 /* che_pdf_contentobjs.h in Headers */,
				90A01AEA1754EC43009DCBD9 /* che_pdf_contentresmgr.h in Headers */,
				90A01AEB1754EC43009DCBD9 /* che_pdf_contents.h in Headers */,
				90A01AEC1754EC43009DCBD9 /* che_pdf_contentstring.h in Headers */,
				90A01AED1754EC43009DCBD9 /* che_pdf_destination.h in Headers */,
				90A01AEE1754EC43009DCBD9 /* che_pdf_document.h in Headers */,
				90A01AEF1754EC43009DCBD9 /* che_pdf_font.h in Headers */,
				90A01AF01754EC43009DCBD9 /* che_pdf_fontmgr.h in Headers */,
				90A01AF11754EC43009DCBD9 /* che_pdf_graphics.h in Headers */,
				90A01AF21754EC43009DCBD9 /* che_pdf_graphicsstate.h in Headers */,
				90A01AF31754EC43009DCBD9 /* che_pdf_image.h in Headers */,
				90A01AF41754EC43009DCBD9 /* che_pdf_objclone.h in Headers */,
				90A01AF51754EC43009DCBD9 /* che_pdf_objectstring.h in Headers */,
				90A01AF61754EC43009DCBD9 /* che_pdf_outline.h in Headers */,
				909D97B7175745F70030BD7E /* che_drawer_macosx.h in Headers */,
				90C5370617587CEF0014AC65 /* che_pdf_renderer_macosx.h in Headers */,
			);
			runOnlyForDeploymentPostprocessing = 0;
		};
/* End PBXHeadersBuildPhase section */

/* Begin PBXNativeTarget section */
		909E120217545BA700540539 /* pdfFileTest */ = {
			isa = PBXNativeTarget;
			buildConfigurationList = 909E120917545BA700540539 /* Build configuration list for PBXNativeTarget "pdfFileTest" */;
			buildPhases = (
				909E11FF17545BA700540539 /* Sources */,
				909E120017545BA700540539 /* Frameworks */,
				909E120117545BA700540539 /* CopyFiles */,
			);
			buildRules = (
			);
			dependencies = (
			);
			name = pdfFileTest;
			productName = pdfFileTest;
			productReference = 909E120317545BA700540539 /* pdfFileTest */;
			productType = "com.apple.product-type.tool";
		};
		90C37C8D17534E58005D9C8A /* chelib */ = {
			isa = PBXNativeTarget;
			buildConfigurationList = 90C37C9217534E58005D9C8A /* Build configuration list for PBXNativeTarget "chelib" */;
			buildPhases = (
				90C37C8A17534E58005D9C8A /* Sources */,
				90C37C8B17534E58005D9C8A /* Frameworks */,
				90C37C8C17534E58005D9C8A /* Headers */,
			);
			buildRules = (
			);
			dependencies = (
			);
			name = chelib;
			productName = chelib;
			productReference = 90C37C8E17534E58005D9C8A /* libchelib.a */;
			productType = "com.apple.product-type.library.static";
		};
		90C5373717587FF10014AC65 /* pdfRenderTest */ = {
			isa = PBXNativeTarget;
			buildConfigurationList = 90C5375217587FF20014AC65 /* Build configuration list for PBXNativeTarget "pdfRenderTest" */;
			buildPhases = (
				90C5373417587FF10014AC65 /* Sources */,
				90C5373517587FF10014AC65 /* Frameworks */,
				90C5373617587FF10014AC65 /* Resources */,
			);
			buildRules = (
			);
			dependencies = (
			);
			name = pdfRenderTest;
			productName = pdfRenderTest;
			productReference = 90C5373817587FF10014AC65 /* pdfRenderTest.app */;
			productType = "com.apple.product-type.application";
		};
		90C53758175881B40014AC65 /* pdfDocumentTest */ = {
			isa = PBXNativeTarget;
			buildConfigurationList = 90C5375F175881B40014AC65 /* Build configuration list for PBXNativeTarget "pdfDocumentTest" */;
			buildPhases = (
				90C53755175881B40014AC65 /* Sources */,
				90C53756175881B40014AC65 /* Frameworks */,
				90C53757175881B40014AC65 /* CopyFiles */,
			);
			buildRules = (
			);
			dependencies = (
				90C5376D1758A3860014AC65 /* PBXTargetDependency */,
			);
			name = pdfDocumentTest;
			productName = pdfDocumentTest;
			productReference = 90C53759175881B40014AC65 /* pdfDocumentTest */;
			productType = "com.apple.product-type.tool";
		};
/* End PBXNativeTarget section */

/* Begin PBXProject section */
		90C37C8617534E58005D9C8A /* Project object */ = {
			isa = PBXProject;
			attributes = {
				LastUpgradeCheck = 0460;
				ORGANIZATIONNAME = com.peroit;
			};
			buildConfigurationList = 90C37C8917534E58005D9C8A /* Build configuration list for PBXProject "chelib" */;
			compatibilityVersion = "Xcode 3.2";
			developmentRegion = English;
			hasScannedForEncodings = 0;
			knownRegions = (
				en,
			);
			mainGroup = 90C37C8517534E58005D9C8A;
			productRefGroup = 90C37C8F17534E58005D9C8A /* Products */;
			projectDirPath = "";
			projectRoot = "";
			targets = (
				90C37C8D17534E58005D9C8A /* chelib */,
				909E120217545BA700540539 /* pdfFileTest */,
				90C5373717587FF10014AC65 /* pdfRenderTest */,
				90C53758175881B40014AC65 /* pdfDocumentTest */,
			);
		};
/* End PBXProject section */

/* Begin PBXResourcesBuildPhase section */
		90C5373617587FF10014AC65 /* Resources */ = {
			isa = PBXResourcesBuildPhase;
			buildActionMask = 2147483647;
			files = (
				90C5374517587FF20014AC65 /* InfoPlist.strings in Resources */,
				90C5374B17587FF20014AC65 /* Credits.rtf in Resources */,
				90C5375117587FF20014AC65 /* MainMenu.xib in Resources */,
			);
			runOnlyForDeploymentPostprocessing = 0;
		};
/* End PBXResourcesBuildPhase section */

/* Begin PBXSourcesBuildPhase section */
		909E11FF17545BA700540539 /* Sources */ = {
			isa = PBXSourcesBuildPhase;
			buildActionMask = 2147483647;
			files = (
				909E120617545BA700540539 /* main.cpp in Sources */,
			);
			runOnlyForDeploymentPostprocessing = 0;
		};
		90C37C8A17534E58005D9C8A /* Sources */ = {
			isa = PBXSourcesBuildPhase;
			buildActionMask = 2147483647;
			files = (
				909E11331754453600540539 /* che_base.cpp in Sources */,
				909E11341754453600540539 /* che_bitmap.cpp in Sources */,
				909E11351754453600540539 /* che_datastructure.cpp in Sources */,
				909E11361754453600540539 /* che_graphics.cpp in Sources */,
				909E11371754453600540539 /* che_string.cpp in Sources */,
				909E1152175446CD00540539 /* che_crypt_aes.cpp in Sources */,
				909E1153175446CD00540539 /* che_crypt_rc4.cpp in Sources */,
				909E1155175446DE00540539 /* che_hash_md5.cpp in Sources */,
				909E1161175447D700540539 /* che_pdf_collector.cpp in Sources */,
				909E1162175447D700540539 /* che_pdf_creator.cpp in Sources */,
				909E1163175447D700540539 /* che_pdf_encrypt.cpp in Sources */,
				909E1164175447D700540539 /* che_pdf_file.cpp in Sources */,
				909E1165175447D700540539 /* che_pdf_filter.cpp in Sources */,
				909E1166175447D700540539 /* che_pdf_objects.cpp in Sources */,
				909E1167175447D700540539 /* che_pdf_pages.cpp in Sources */,
				909E1168175447D700540539 /* che_pdf_parser.cpp in Sources */,
				909E1169175447D700540539 /* che_pdf_xref.cpp in Sources */,
				909E11931754532800540539 /* adler32.c in Sources */,
				909E11941754532800540539 /* compress.c in Sources */,
				909E11951754532800540539 /* crc32.c in Sources */,
				909E11971754532800540539 /* deflate.c in Sources */,
				909E119A1754532800540539 /* inffast.c in Sources */,
				909E119D1754532800540539 /* inflate.c in Sources */,
				909E119F1754532800540539 /* inftrees.c in Sources */,
				909E11A11754532800540539 /* trees.c in Sources */,
				909E11A31754532800540539 /* uncompr.c in Sources */,
				909E11A61754532800540539 /* zutil.c in Sources */,
				909E121217546C3700540539 /* cff.c in Sources */,
				909E121417546C4700540539 /* type1cid.c in Sources */,
				909E121617546C6700540539 /* psaux.c in Sources */,
				909E121817546C7F00540539 /* pshinter.c in Sources */,
				909E121A17546C9100540539 /* psnames.c in Sources */,
				909E121C17546C9E00540539 /* raster.c in Sources */,
				909E121E17546CA900540539 /* sfnt.c in Sources */,
				909E122017546CB700540539 /* smooth.c in Sources */,
				909E122217546CC500540539 /* truetype.c in Sources */,
				909E122417546CD400540539 /* type1.c in Sources */,
				909E123117546D0700540539 /* ftbase.c in Sources */,
				909E123217546D0700540539 /* ftbbox.c in Sources */,
				909E123317546D0700540539 /* ftbitmap.c in Sources */,
				909E123417546D0700540539 /* ftgasp.c in Sources */,
				909E123517546D0700540539 /* ftinit.c in Sources */,
				909E123817546D0700540539 /* ftstroke.c in Sources */,
				909E123917546D0700540539 /* ftsystem.c in Sources */,
				909E123C17546D0700540539 /* ftxf86.c in Sources */,
				909E123F17546D8600540539 /* ftglyph.c in Sources */,
				909E124017546D8600540539 /* ftsynth.c in Sources */,
				909E124217547FE200540539 /* fttype1.c in Sources */,
				909E12441754829000540539 /* autofit.c in Sources */,
				909E1246175482A000540539 /* bdf.c in Sources */,
				909E1248175482AD00540539 /* ftbzip2.c in Sources */,
				909E124A1754830E00540539 /* ftgzip.c in Sources */,
				909E124C1754831B00540539 /* ftlzw.c in Sources */,
				909E124E1754832C00540539 /* pcf.c in Sources */,
				909E12501754833800540539 /* pfr.c in Sources */,
				909E12521754834700540539 /* type42.c in Sources */,
				909E12541754835300540539 /* winfnt.c in Sources */,
				90A01B0A1754EC65009DCBD9 /* che_pdf_cmap.cpp in Sources */,
				90A01B0B1754EC65009DCBD9 /* che_pdf_colorspace.cpp in Sources */,
				90A01B0C1754EC65009DCBD9 /* che_pdf_contentbuilder.cpp in Sources */,
				90A01B0D1754EC65009DCBD9 /* che_pdf_contentobjs.cpp in Sources */,
				90A01B0E1754EC65009DCBD9 /* che_pdf_contentresmgr.cpp in Sources */,
				90A01B0F1754EC65009DCBD9 /* che_pdf_contents.cpp in Sources */,
				90A01B101754EC65009DCBD9 /* che_pdf_contentstring.cpp in Sources */,
				90A01B111754EC65009DCBD9 /* che_pdf_destination.cpp in Sources */,
				90A01B121754EC65009DCBD9 /* che_pdf_document.cpp in Sources */,
				90A01B131754EC65009DCBD9 /* che_pdf_font_type1base14.cpp in Sources */,
				90A01B141754EC65009DCBD9 /* che_pdf_font.cpp in Sources */,
				90A01B151754EC65009DCBD9 /* che_pdf_fontmgr.cpp in Sources */,
				90A01B161754EC65009DCBD9 /* che_pdf_graphics.cpp in Sources */,
				90A01B171754EC65009DCBD9 /* che_pdf_graphicsstate.cpp in Sources */,
				90A01B181754EC65009DCBD9 /* che_pdf_image.cpp in Sources */,
				90A01B1A1754EC65009DCBD9 /* che_pdf_objclone.cpp in Sources */,
				90A01B1B1754EC65009DCBD9 /* che_pdf_objectstring.cpp in Sources */,
				90A01B1C1754EC65009DCBD9 /* che_pdf_outline.cpp in Sources */,
				909D97BA175746250030BD7E /* che_drawer_macosx.cpp in Sources */,
				90C5370817587D450014AC65 /* che_pdf_renderer_macosx.cpp in Sources */,
				90C5370A17587E990014AC65 /* che_platform_font.cpp in Sources */,
			);
			runOnlyForDeploymentPostprocessing = 0;
		};
		90C5373417587FF10014AC65 /* Sources */ = {
			isa = PBXSourcesBuildPhase;
			buildActionMask = 2147483647;
			files = (
				90C5374717587FF20014AC65 /* main.m in Sources */,
				90C5374E17587FF20014AC65 /* AppDelegate.m in Sources */,
				90C537691758975B0014AC65 /* CustomView.m in Sources */,
			);
			runOnlyForDeploymentPostprocessing = 0;
		};
		90C53755175881B40014AC65 /* Sources */ = {
			isa = PBXSourcesBuildPhase;
			buildActionMask = 2147483647;
			files = (
				90C5375C175881B40014AC65 /* main.cpp in Sources */,
			);
			runOnlyForDeploymentPostprocessing = 0;
		};
/* End PBXSourcesBuildPhase section */

/* Begin PBXTargetDependency section */
		90C5376D1758A3860014AC65 /* PBXTargetDependency */ = {
			isa = PBXTargetDependency;
			target = 90C37C8D17534E58005D9C8A /* chelib */;
			targetProxy = 90C5376C1758A3860014AC65 /* PBXContainerItemProxy */;
		};
/* End PBXTargetDependency section */

/* Begin PBXVariantGroup section */
		90C5374317587FF20014AC65 /* InfoPlist.strings */ = {
			isa = PBXVariantGroup;
			children = (
				90C5374417587FF20014AC65 /* en */,
			);
			name = InfoPlist.strings;
			sourceTree = "<group>";
		};
		90C5374917587FF20014AC65 /* Credits.rtf */ = {
			isa = PBXVariantGroup;
			children = (
				90C5374A17587FF20014AC65 /* en */,
			);
			name = Credits.rtf;
			sourceTree = "<group>";
		};
		90C5374F17587FF20014AC65 /* MainMenu.xib */ = {
			isa = PBXVariantGroup;
			children = (
				90C5375017587FF20014AC65 /* en */,
			);
			name = MainMenu.xib;
			sourceTree = "<group>";
		};
/* End PBXVariantGroup section */

/* Begin XCBuildConfiguration section */
		909E120A17545BA700540539 /* Debug */ = {
			isa = XCBuildConfiguration;
			buildSettings = {
				PRODUCT_NAME = "$(TARGET_NAME)";
			};
			name = Debug;
		};
		909E120B17545BA700540539 /* Release */ = {
			isa = XCBuildConfiguration;
			buildSettings = {
				PRODUCT_NAME = "$(TARGET_NAME)";
			};
			name = Release;
		};
		90C37C9017534E58005D9C8A /* Debug */ = {
			isa = XCBuildConfiguration;
			buildSettings = {
				ALWAYS_SEARCH_USER_PATHS = NO;
				ARCHS = "$(ARCHS_STANDARD_64_BIT)";
				CLANG_CXX_LANGUAGE_STANDARD = "gnu++0x";
				CLANG_CXX_LIBRARY = "libc++";
				CLANG_WARN_CONSTANT_CONVERSION = YES;
				CLANG_WARN_EMPTY_BODY = YES;
				CLANG_WARN_ENUM_CONVERSION = YES;
				CLANG_WARN_INT_CONVERSION = YES;
				CLANG_WARN__DUPLICATE_METHOD_MATCH = YES;
				COPY_PHASE_STRIP = NO;
				GCC_C_LANGUAGE_STANDARD = gnu99;
				GCC_DYNAMIC_NO_PIC = NO;
				GCC_ENABLE_OBJC_EXCEPTIONS = YES;
				GCC_OPTIMIZATION_LEVEL = 0;
				GCC_PREPROCESSOR_DEFINITIONS = (
					"DEBUG=1",
					"$(inherited)",
				);
				GCC_SYMBOLS_PRIVATE_EXTERN = NO;
				GCC_WARN_64_TO_32_BIT_CONVERSION = YES;
				GCC_WARN_ABOUT_RETURN_TYPE = YES;
				GCC_WARN_UNINITIALIZED_AUTOS = YES;
				GCC_WARN_UNUSED_VARIABLE = YES;
				MACOSX_DEPLOYMENT_TARGET = 10.7;
				ONLY_ACTIVE_ARCH = YES;
				SDKROOT = macosx;
			};
			name = Debug;
		};
		90C37C9117534E58005D9C8A /* Release */ = {
			isa = XCBuildConfiguration;
			buildSettings = {
				ALWAYS_SEARCH_USER_PATHS = NO;
				ARCHS = "$(ARCHS_STANDARD_64_BIT)";
				CLANG_CXX_LANGUAGE_STANDARD = "gnu++0x";
				CLANG_CXX_LIBRARY = "libc++";
				CLANG_WARN_CONSTANT_CONVERSION = YES;
				CLANG_WARN_EMPTY_BODY = YES;
				CLANG_WARN_ENUM_CONVERSION = YES;
				CLANG_WARN_INT_CONVERSION = YES;
				CLANG_WARN__DUPLICATE_METHOD_MATCH = YES;
				COPY_PHASE_STRIP = YES;
				DEBUG_INFORMATION_FORMAT = "dwarf-with-dsym";
				GCC_C_LANGUAGE_STANDARD = gnu99;
				GCC_ENABLE_OBJC_EXCEPTIONS = YES;
				GCC_WARN_64_TO_32_BIT_CONVERSION = YES;
				GCC_WARN_ABOUT_RETURN_TYPE = YES;
				GCC_WARN_UNINITIALIZED_AUTOS = YES;
				GCC_WARN_UNUSED_VARIABLE = YES;
				MACOSX_DEPLOYMENT_TARGET = 10.7;
				SDKROOT = macosx;
			};
			name = Release;
		};
		90C37C9317534E58005D9C8A /* Debug */ = {
			isa = XCBuildConfiguration;
			buildSettings = {
				COMBINE_HIDPI_IMAGES = YES;
				EXECUTABLE_PREFIX = lib;
				GCC_PREPROCESSOR_DEFINITIONS = (
					_MAC_OS_X_,
					FT2_BUILD_LIBRARY,
				);
				HEADER_SEARCH_PATHS = ../../extlib/freetype/include;
				ONLY_ACTIVE_ARCH = YES;
				PRIVATE_HEADERS_FOLDER_PATH = /usr/local/include;
				PRODUCT_NAME = "$(TARGET_NAME)";
				PUBLIC_HEADERS_FOLDER_PATH = /usr/local/include;
				SDKROOT = macosx10.7;
			};
			name = Debug;
		};
		90C37C9417534E58005D9C8A /* Release */ = {
			isa = XCBuildConfiguration;
			buildSettings = {
				COMBINE_HIDPI_IMAGES = YES;
				EXECUTABLE_PREFIX = lib;
				GCC_PREPROCESSOR_DEFINITIONS = (
					_MAC_OS_X_,
					FT2_BUILD_LIBRARY,
				);
				HEADER_SEARCH_PATHS = ../../extlib/freetype/include;
				ONLY_ACTIVE_ARCH = NO;
				PRIVATE_HEADERS_FOLDER_PATH = /usr/local/include;
				PRODUCT_NAME = "$(TARGET_NAME)";
				PUBLIC_HEADERS_FOLDER_PATH = /usr/local/include;
				SDKROOT = macosx10.7;
			};
			name = Release;
		};
		90C5375317587FF20014AC65 /* Debug */ = {
			isa = XCBuildConfiguration;
			buildSettings = {
				CLANG_ENABLE_OBJC_ARC = YES;
				COMBINE_HIDPI_IMAGES = YES;
				GCC_PRECOMPILE_PREFIX_HEADER = YES;
				GCC_PREFIX_HEADER = "pdfRenderTest/pdfRenderTest-Prefix.pch";
				INFOPLIST_FILE = "pdfRenderTest/pdfRenderTest-Info.plist";
				PRODUCT_NAME = "$(TARGET_NAME)";
				WRAPPER_EXTENSION = app;
			};
			name = Debug;
		};
		90C5375417587FF20014AC65 /* Release */ = {
			isa = XCBuildConfiguration;
			buildSettings = {
				CLANG_ENABLE_OBJC_ARC = YES;
				COMBINE_HIDPI_IMAGES = YES;
				GCC_PRECOMPILE_PREFIX_HEADER = YES;
				GCC_PREFIX_HEADER = "pdfRenderTest/pdfRenderTest-Prefix.pch";
				INFOPLIST_FILE = "pdfRenderTest/pdfRenderTest-Info.plist";
				PRODUCT_NAME = "$(TARGET_NAME)";
				WRAPPER_EXTENSION = app;
			};
			name = Release;
		};
		90C53760175881B40014AC65 /* Debug */ = {
			isa = XCBuildConfiguration;
			buildSettings = {
				ONLY_ACTIVE_ARCH = YES;
				PRODUCT_NAME = "$(TARGET_NAME)";
			};
			name = Debug;
		};
		90C53761175881B40014AC65 /* Release */ = {
			isa = XCBuildConfiguration;
			buildSettings = {
				ONLY_ACTIVE_ARCH = NO;
				PRODUCT_NAME = "$(TARGET_NAME)";
			};
			name = Release;
		};
/* End XCBuildConfiguration section */

/* Begin XCConfigurationList section */
		909E120917545BA700540539 /* Build configuration list for PBXNativeTarget "pdfFileTest" */ = {
			isa = XCConfigurationList;
			buildConfigurations = (
				909E120A17545BA700540539 /* Debug */,
				909E120B17545BA700540539 /* Release */,
			);
			defaultConfigurationIsVisible = 0;
			defaultConfigurationName = Release;
		};
		90C37C8917534E58005D9C8A /* Build configuration list for PBXProject "chelib" */ = {
			isa = XCConfigurationList;
			buildConfigurations = (
				90C37C9017534E58005D9C8A /* Debug */,
				90C37C9117534E58005D9C8A /* Release */,
			);
			defaultConfigurationIsVisible = 0;
			defaultConfigurationName = Release;
		};
		90C37C9217534E58005D9C8A /* Build configuration list for PBXNativeTarget "chelib" */ = {
			isa = XCConfigurationList;
			buildConfigurations = (
				90C37C9317534E58005D9C8A /* Debug */,
				90C37C9417534E58005D9C8A /* Release */,
			);
			defaultConfigurationIsVisible = 0;
			defaultConfigurationName = Release;
		};
		90C5375217587FF20014AC65 /* Build configuration list for PBXNativeTarget "pdfRenderTest" */ = {
			isa = XCConfigurationList;
			buildConfigurations = (
				90C5375317587FF20014AC65 /* Debug */,
				90C5375417587FF20014AC65 /* Release */,
			);
			defaultConfigurationIsVisible = 0;
			defaultConfigurationName = Release;
		};
		90C5375F175881B40014AC65 /* Build configuration list for PBXNativeTarget "pdfDocumentTest" */ = {
			isa = XCConfigurationList;
			buildConfigurations = (
				90C53760175881B40014AC65 /* Debug */,
				90C53761175881B40014AC65 /* Release */,
			);
			defaultConfigurationIsVisible = 0;
			defaultConfigurationName = Release;
		};
/* End XCConfigurationList section */
	};
	rootObject = 90C37C8617534E58005D9C8A /* Project object */;
}
